// !$*UTF8*$!
{
	archiveVersion = 1;
	classes = {
	};
	objectVersion = 56;
	objects = {

/* Begin PBXBuildFile section */
		012B1276ACEB36D5C1804E62 /* SecurityInfoView.swift in Sources */ = {isa = PBXBuildFile; fileRef = 4750C0FC2EFDDF840012429D /* SecurityInfoView.swift */; };
		02203B9CB5ED1CCF0A5F6415 /* EventRepository.swift in Sources */ = {isa = PBXBuildFile; fileRef = 4750C0BE2EFDDF840012429D /* EventRepository.swift */; };
		028A61183D1C2A544773EF31 /* CategoryTile.swift in Sources */ = {isa = PBXBuildFile; fileRef = 4750C1152EFDDF840012429D /* CategoryTile.swift */; };
		03521DEEEF4CE48412855B8F /* PosterConfiguration.swift in Sources */ = {isa = PBXBuildFile; fileRef = 4750C0CD2EFDDF840012429D /* PosterConfiguration.swift */; };
		0516D43D9E2D6B7B4DB835A3 /* AnalyticsDashboardComponents.swift in Sources */ = {isa = PBXBuildFile; fileRef = EBA1D9804E77FAE965F5F032 /* AnalyticsDashboardComponents.swift */; };
		0756BE81456F19D27FC9B3C9 /* SubmitTicketView.swift in Sources */ = {isa = PBXBuildFile; fileRef = 4750C0FD2EFDDF840012429D /* SubmitTicketView.swift */; };
		086059B3CF708422096FB5D9 /* Ticket.swift in Sources */ = {isa = PBXBuildFile; fileRef = 4750C0CF2EFDDF840012429D /* Ticket.swift */; };
		0C108CB42C7CABB7AD3C0841 /* QRScannerView.swift in Sources */ = {isa = PBXBuildFile; fileRef = 4750C10F2EFDDF840012429D /* QRScannerView.swift */; };
		0D8954403AB3374B4DBCE35A /* AnalyticsCharts.swift in Sources */ = {isa = PBXBuildFile; fileRef = F619E77C7370842FDB348532 /* AnalyticsCharts.swift */; };
		0DFC45AEC8724C292CE36C22 /* LoadingView.swift in Sources */ = {isa = PBXBuildFile; fileRef = 4750C1192EFDDF840012429D /* LoadingView.swift */; };
		0EF927718025CAEEA9E85289 /* FAQSectionView.swift in Sources */ = {isa = PBXBuildFile; fileRef = 4750C0F02EFDDF840012429D /* FAQSectionView.swift */; };
		14576D1F6EBD1042DB88496B /* AppIntroSlidesView.swift in Sources */ = {isa = PBXBuildFile; fileRef = 4750C0E42EFDDF840012429D /* AppIntroSlidesView.swift */; };
		15FEC2AAA48ACB2A17964C2F /* Validation.swift in Sources */ = {isa = PBXBuildFile; fileRef = 4750C0B42EFDDF840012429D /* Validation.swift */; };
		172C482B577713073B0D5D5B /* NotificationRepository.swift in Sources */ = {isa = PBXBuildFile; fileRef = 4750C0C12EFDDF840012429D /* NotificationRepository.swift */; };
		178254A3948EF204FAA0F340 /* AppGuidesView.swift in Sources */ = {isa = PBXBuildFile; fileRef = 4750C0EC2EFDDF840012429D /* AppGuidesView.swift */; };
		195021DBAB778A4E421362FF /* ImageValidator.swift in Sources */ = {isa = PBXBuildFile; fileRef = 4750C0AB2EFDDF840012429D /* ImageValidator.swift */; };
		1D305A45CBB4317C3C95247C /* PosterView.swift in Sources */ = {isa = PBXBuildFile; fileRef = 4750C11B2EFDDF840012429D /* PosterView.swift */; };
		1EB87A4BF0EAE686F3ED1B71 /* UserPreferences.swift in Sources */ = {isa = PBXBuildFile; fileRef = 4750C0D32EFDDF840012429D /* UserPreferences.swift */; };
		20C652BFC55BDB95894AEAEF /* FavoriteEventsView.swift in Sources */ = {isa = PBXBuildFile; fileRef = 4750C0DA2EFDDF840012429D /* FavoriteEventsView.swift */; };
		22151F3403EF3958DD3C5A6C /* ImageColorExtractor.swift in Sources */ = {isa = PBXBuildFile; fileRef = 4750C0A82EFDDF840012429D /* ImageColorExtractor.swift */; };
		22737E999715F678524085D5 /* FeatureExplanationsView.swift in Sources */ = {isa = PBXBuildFile; fileRef = 4750C0F22EFDDF840012429D /* FeatureExplanationsView.swift */; };
		2436C0F09D445F70FDCD2243 /* EventCard.swift in Sources */ = {isa = PBXBuildFile; fileRef = 4750C1172EFDDF840012429D /* EventCard.swift */; };
		24B5A3FBFBD6FCC371408886 /* TermsAndPrivacyView.swift in Sources */ = {isa = PBXBuildFile; fileRef = 4750C0FF2EFDDF840012429D /* TermsAndPrivacyView.swift */; };
		256FAE4970F0F6EF1ABA7813 /* ProfileView.swift in Sources */ = {isa = PBXBuildFile; fileRef = 4750C0FA2EFDDF840012429D /* ProfileView.swift */; };
		28C09420EA6FEFB89F5D0A36 /* PhoneVerificationView.swift in Sources */ = {isa = PBXBuildFile; fileRef = 4750C0EA2EFDDF840012429D /* PhoneVerificationView.swift */; };
		2BDD7A09DF09D2662D3CF362 /* TicketPurchaseView.swift in Sources */ = {isa = PBXBuildFile; fileRef = 4750C0DF2EFDDF840012429D /* TicketPurchaseView.swift */; };
		2CA27282EFDD2AF0B41FB0F3 /* AuthRepository.swift in Sources */ = {isa = PBXBuildFile; fileRef = 4750C0BA2EFDDF840012429D /* AuthRepository.swift */; };
		2D0EAE7CF1B7692E90C3B0AF /* CalendarRepository.swift in Sources */ = {isa = PBXBuildFile; fileRef = 4750C0BB2EFDDF840012429D /* CalendarRepository.swift */; };
		31136C8511EED81735F5C395 /* EventFilterRepository.swift in Sources */ = {isa = PBXBuildFile; fileRef = 4750C0BD2EFDDF840012429D /* EventFilterRepository.swift */; };
		37A514C69D0BEAD855322673 /* TicketsView.swift in Sources */ = {isa = PBXBuildFile; fileRef = 4750C0E12EFDDF840012429D /* TicketsView.swift */; };
		38C44637D5C9029441B8D9BE /* AddContactMethodView.swift in Sources */ = {isa = PBXBuildFile; fileRef = 4750C0E32EFDDF840012429D /* AddContactMethodView.swift */; };
		3AC3D07FDF24CF94A8EA3A40 /* ImageStorageManager.swift in Sources */ = {isa = PBXBuildFile; fileRef = 4750C0AA2EFDDF840012429D /* ImageStorageManager.swift */; };
		3C2DEE461544F26067AB7C93 /* VerificationRequiredOverlay.swift in Sources */ = {isa = PBXBuildFile; fileRef = 4750C1212EFDDF840012429D /* VerificationRequiredOverlay.swift */; };
		3F31A89F30B3DD98B4C9CB9D /* MainTabView.swift in Sources */ = {isa = PBXBuildFile; fileRef = 4750C0912EFDDF840012429D /* MainTabView.swift */; };
		3FA1320C7983194C302AC45E /* AuthPromptSheet.swift in Sources */ = {isa = PBXBuildFile; fileRef = E4C63D95BC9A16CCA9DAFD61 /* AuthPromptSheet.swift */; };
		41F160ADDD750FF08376F10B /* OrganizerAnalytics.swift in Sources */ = {isa = PBXBuildFile; fileRef = 9303670E098B828C4BDC34F4 /* OrganizerAnalytics.swift */; };
		432516A22A054C0F7CDA5F4D /* PaymentRepository.swift in Sources */ = {isa = PBXBuildFile; fileRef = 4750C0C22EFDDF840012429D /* PaymentRepository.swift */; };
		43E4DC20B72E37BE9946B3B6 /* DiscoveryViewModel.swift in Sources */ = {isa = PBXBuildFile; fileRef = 4750C0D82EFDDF840012429D /* DiscoveryViewModel.swift */; };
		44A30EC8917F95E4CD36477D /* TroubleshootingView.swift in Sources */ = {isa = PBXBuildFile; fileRef = 4750C1012EFDDF840012429D /* TroubleshootingView.swift */; };
		468D7066C9492D116B60E843 /* AuthView.swift in Sources */ = {isa = PBXBuildFile; fileRef = 4750C0E62EFDDF840012429D /* AuthView.swift */; };
		47086A1A8DBA824C72B49185 /* FollowManager.swift in Sources */ = {isa = PBXBuildFile; fileRef = 4750C0A62EFDDF840012429D /* FollowManager.swift */; };
		47E081502A141B4E05D7009D /* RecommendationRepository.swift in Sources */ = {isa = PBXBuildFile; fileRef = 4750C0C32EFDDF840012429D /* RecommendationRepository.swift */; };
		4D8E4C36862E35C96ABD6DDF /* BecomeOrganizerFlow.swift in Sources */ = {isa = PBXBuildFile; fileRef = 4750C1032EFDDF840012429D /* BecomeOrganizerFlow.swift */; };
		4F243BC3C30F42F69F8864B7 /* OrganizerProfile.swift in Sources */ = {isa = PBXBuildFile; fileRef = 4750C0CC2EFDDF840012429D /* OrganizerProfile.swift */; };
		4F4F03BC7BB9A2BD3E235074 /* EventAnalyticsView.swift in Sources */ = {isa = PBXBuildFile; fileRef = 4750C1052EFDDF840012429D /* EventAnalyticsView.swift */; };
		54A92781E1BD8C731C0E4E8E /* AnimatedLikeButton.swift in Sources */ = {isa = PBXBuildFile; fileRef = 4750C1142EFDDF840012429D /* AnimatedLikeButton.swift */; };
		54DF2FE9B10F817048654A13 /* OrganizerHomeView.swift in Sources */ = {isa = PBXBuildFile; fileRef = 4750C1092EFDDF840012429D /* OrganizerHomeView.swift */; };
		55762B538733F4DFDB3B2B03 /* NotificationSettingsView.swift in Sources */ = {isa = PBXBuildFile; fileRef = 4750C0F52EFDDF840012429D /* NotificationSettingsView.swift */; };
		5634F39642E2411C13FAD957 /* SupportCenterView.swift in Sources */ = {isa = PBXBuildFile; fileRef = 4750C0FE2EFDDF840012429D /* SupportCenterView.swift */; };
		568C6D8CF2BE8C8D7FCB75FA /* ContentView.swift in Sources */ = {isa = PBXBuildFile; fileRef = 4750C0932EFDDF840012429D /* ContentView.swift */; };
		59BC49C2F042A4ED7D06C813 /* OrganizerAnalyticsDashboardViewModel.swift in Sources */ = {isa = PBXBuildFile; fileRef = DD3B62C0E07C53C997E9C549 /* OrganizerAnalyticsDashboardViewModel.swift */; };
		5C329D0C2065823E9EDBD24D /* GuestPlaceholders.swift in Sources */ = {isa = PBXBuildFile; fileRef = 6D74FAE4FD556FF3F26AA9EE /* GuestPlaceholders.swift */; };
		5D62CD25A27AFC7983A71B63 /* OrganizerIdentityVerificationStep.swift in Sources */ = {isa = PBXBuildFile; fileRef = 4750C10A2EFDDF840012429D /* OrganizerIdentityVerificationStep.swift */; };
		5FCD4A0A052077CBE9E4206A /* EventDetailsView.swift in Sources */ = {isa = PBXBuildFile; fileRef = 4750C0D92EFDDF840012429D /* EventDetailsView.swift */; };
		6001DA0A2BAE745331F093A6 /* ResponsiveSize.swift in Sources */ = {isa = PBXBuildFile; fileRef = 4750C0B12EFDDF840012429D /* ResponsiveSize.swift */; };
		618F7B62A6967C772A079077 /* EditProfileView.swift in Sources */ = {isa = PBXBuildFile; fileRef = 4750C0EF2EFDDF840012429D /* EditProfileView.swift */; };
		63592336CFD5712B53617075 /* PosterUploadManager.swift in Sources */ = {isa = PBXBuildFile; fileRef = 4750C0AF2EFDDF840012429D /* PosterUploadManager.swift */; };
		6441503AA41A1A47F9CD1B4B /* HeaderBar.swift in Sources */ = {isa = PBXBuildFile; fileRef = 4750C1182EFDDF840012429D /* HeaderBar.swift */; };
		65BE5AD38195323EAF1FC135 /* LocationRepository.swift in Sources */ = {isa = PBXBuildFile; fileRef = 4750C0BF2EFDDF840012429D /* LocationRepository.swift */; };
		6F41EAE0E9CCA7B729D7C768 /* OrganizerNotificationCenterView.swift in Sources */ = {isa = PBXBuildFile; fileRef = 4750C10B2EFDDF840012429D /* OrganizerNotificationCenterView.swift */; };
		6F46273018D40915E7AD2799 /* PersistenceController.swift in Sources */ = {isa = PBXBuildFile; fileRef = 4750C0992EFDDF840012429D /* PersistenceController.swift */; };
		7093EB065629CB7D266EFC9C /* ImageCompressor.swift in Sources */ = {isa = PBXBuildFile; fileRef = 4750C0A92EFDDF840012429D /* ImageCompressor.swift */; };
		734BF84BF6EE5F0F20D7F5D0 /* HelpCenterView.swift in Sources */ = {isa = PBXBuildFile; fileRef = 4750C0F32EFDDF840012429D /* HelpCenterView.swift */; };
		744C4A813BE69DE4A3A25D95 /* Event.swift in Sources */ = {isa = PBXBuildFile; fileRef = 4750C0C92EFDDF840012429D /* Event.swift */; };
		74DB7466515D00F7F030C16A /* OrganizerProfileCompletionStep.swift in Sources */ = {isa = PBXBuildFile; fileRef = 4750C10D2EFDDF840012429D /* OrganizerProfileCompletionStep.swift */; };
		78413EF98A5A5BFB8CF60665 /* NotificationSettingsViewModel.swift in Sources */ = {isa = PBXBuildFile; fileRef = 4750C0F62EFDDF840012429D /* NotificationSettingsViewModel.swift */; };
		785D8B551C662EE51C9C32B0 /* TicketAnalyticsDetailView.swift in Sources */ = {isa = PBXBuildFile; fileRef = F56CA5B3454663E5A74C85D9 /* TicketAnalyticsDetailView.swift */; };
		797AAF314F2A359C952A779A /* OrganizerDashboardView.swift in Sources */ = {isa = PBXBuildFile; fileRef = 4750C1082EFDDF840012429D /* OrganizerDashboardView.swift */; };
		79F382B860DD3A0459E572E2 /* TicketRepository.swift in Sources */ = {isa = PBXBuildFile; fileRef = 4750C0C42EFDDF840012429D /* TicketRepository.swift */; };
		79FE41E3F3F7CB707E8234A9 /* UIComponents.swift in Sources */ = {isa = PBXBuildFile; fileRef = 4750C1202EFDDF840012429D /* UIComponents.swift */; };
		7BDD0B72DE764B7D52F2D13A /* NotificationPreferences.swift in Sources */ = {isa = PBXBuildFile; fileRef = 4750C0CB2EFDDF840012429D /* NotificationPreferences.swift */; };
		7F23060FB4C88AA887EA4731 /* AppStorage.swift in Sources */ = {isa = PBXBuildFile; fileRef = 4750C09B2EFDDF840012429D /* AppStorage.swift */; };
		8129C1F3F44FAA26F937D451 /* ManageEventTicketsView.swift in Sources */ = {isa = PBXBuildFile; fileRef = 0E0ED3C80564C4E363993F74 /* ManageEventTicketsView.swift */; };
		856720C7A75558886EB4E0CD /* UserLocationRepository.swift in Sources */ = {isa = PBXBuildFile; fileRef = 4750C0C52EFDDF840012429D /* UserLocationRepository.swift */; };
		88E731798E2C887F89B499D8 /* RevenueAnalyticsDetailView.swift in Sources */ = {isa = PBXBuildFile; fileRef = E263E86FCAF34C3E53AA7FDF /* RevenueAnalyticsDetailView.swift */; };
		8A256A90C8C41431A80FC4F2 /* TestDatabase.swift in Sources */ = {isa = PBXBuildFile; fileRef = 4750C0B72EFDDF840012429D /* TestDatabase.swift */; };
		8B7F7065F39E84DF39DBA030 /* NationalIDVerificationView.swift in Sources */ = {isa = PBXBuildFile; fileRef = 4750C0F42EFDDF840012429D /* NationalIDVerificationView.swift */; };
		8BBB2C9F8D1E92B46E8E3976 /* PredictiveAnalysisDetailView.swift in Sources */ = {isa = PBXBuildFile; fileRef = 30E2ADB51125CF69010C7FA8 /* PredictiveAnalysisDetailView.swift */; };
		8CD394B7E1F94C7799E64398 /* NotificationBadge.swift in Sources */ = {isa = PBXBuildFile; fileRef = 4750C11A2EFDDF840012429D /* NotificationBadge.swift */; };
		8D02175022A850BD57FDDA67 /* User.swift in Sources */ = {isa = PBXBuildFile; fileRef = 4750C0D12EFDDF840012429D /* User.swift */; };
		8D07FB9029E260DBE131CBFC /* QRCodeGenerator.swift in Sources */ = {isa = PBXBuildFile; fileRef = 4750C0B02EFDDF840012429D /* QRCodeGenerator.swift */; };
		8D4B98819A819AB889E30C68 /* ProfileHeaderView.swift in Sources */ = {isa = PBXBuildFile; fileRef = 4750C11C2EFDDF840012429D /* ProfileHeaderView.swift */; };
		8F7058AB434DDE7732A4F6EB /* DashboardComponents.swift in Sources */ = {isa = PBXBuildFile; fileRef = 4750C1162EFDDF840012429D /* DashboardComponents.swift */; };
		90F6BF82F9624B507D844932 /* OnboardingDebugView.swift in Sources */ = {isa = PBXBuildFile; fileRef = 4750C0AD2EFDDF840012429D /* OnboardingDebugView.swift */; };
		967816A4A8C0750666616F42 /* OperationsDetailView.swift in Sources */ = {isa = PBXBuildFile; fileRef = C138F4BDC643961C9FF7C790 /* OperationsDetailView.swift */; };
		9C993DAF154D5915A7784BDF /* EnhancedAuthRepository.swift in Sources */ = {isa = PBXBuildFile; fileRef = 4750C0BC2EFDDF840012429D /* EnhancedAuthRepository.swift */; };
		9D20BC1E282D4968F5CCA43D /* Assets.xcassets in Resources */ = {isa = PBXBuildFile; fileRef = ED9E3877B1BC2CC3C9BA74F3 /* Assets.xcassets */; };
		A8283F133F5156C4238D675A /* CreateEventWizard.swift in Sources */ = {isa = PBXBuildFile; fileRef = 4750C1042EFDDF840012429D /* CreateEventWizard.swift */; };
		A9DDEDFD95C15D39462967E2 /* PDFGenerator.swift in Sources */ = {isa = PBXBuildFile; fileRef = 4750C0AE2EFDDF840012429D /* PDFGenerator.swift */; };
		AA477A79CE5F40F62EFC9EBC /* IDCameraView.swift in Sources */ = {isa = PBXBuildFile; fileRef = B59D293ED25DF9B5F577E27D /* IDCameraView.swift */; };
		B065402867C2535D8BDD8246 /* PulsingDot.swift in Sources */ = {isa = PBXBuildFile; fileRef = 4750C11D2EFDDF840012429D /* PulsingDot.swift */; };
		B35BA38EB6C9B40AE4CC3676 /* AuthChoiceView.swift in Sources */ = {isa = PBXBuildFile; fileRef = 596A0169D31BCD5B6CDD224B /* AuthChoiceView.swift */; };
		B732B5EFF9E256E1D7485A18 /* TicketSuccessView.swift in Sources */ = {isa = PBXBuildFile; fileRef = 4750C0E02EFDDF840012429D /* TicketSuccessView.swift */; };
		B8FE29E05D216165337E3A50 /* DateUtilities.swift in Sources */ = {isa = PBXBuildFile; fileRef = 4750C0A32EFDDF840012429D /* DateUtilities.swift */; };
		BC7CB134EF479AF5A0982E3B /* PaymentConfirmationView.swift in Sources */ = {isa = PBXBuildFile; fileRef = 4750C0DB2EFDDF840012429D /* PaymentConfirmationView.swift */; };
		C3FCEC50B20DBBF505A87667 /* EventPassUGApp.swift in Sources */ = {isa = PBXBuildFile; fileRef = 4750C0942EFDDF840012429D /* EventPassUGApp.swift */; };
		C4F3CDA85066038932AA464D /* HapticFeedback.swift in Sources */ = {isa = PBXBuildFile; fileRef = 4750C0A72EFDDF840012429D /* HapticFeedback.swift */; };
		C671424F80471AE02AA36E6B /* NotificationsView.swift in Sources */ = {isa = PBXBuildFile; fileRef = 4750C0F72EFDDF840012429D /* NotificationsView.swift */; };
		C73EC18682BAA748ADE3C010 /* PaymentConfirmationViewModel.swift in Sources */ = {isa = PBXBuildFile; fileRef = 4750C0DC2EFDDF840012429D /* PaymentConfirmationViewModel.swift */; };
		C8A4EFC47E39B026679D8616 /* SupportModels.swift in Sources */ = {isa = PBXBuildFile; fileRef = 4750C0CE2EFDDF840012429D /* SupportModels.swift */; };
		C901DED0703498BAC83441E6 /* AuthViewModel.swift in Sources */ = {isa = PBXBuildFile; fileRef = 4750C0E72EFDDF840012429D /* AuthViewModel.swift */; };
		CA340C5D99A80DEDC06EA579 /* InAppNotificationManager.swift in Sources */ = {isa = PBXBuildFile; fileRef = 4750C0AC2EFDDF840012429D /* InAppNotificationManager.swift */; };
		CA8E07FB52F518758F5C2E1F /* Event+TicketSales.swift in Sources */ = {isa = PBXBuildFile; fileRef = 4750C0A12EFDDF840012429D /* Event+TicketSales.swift */; };
		CAB2AE8BF9D3E0C918CA537C /* EventAnalyticsViewModel.swift in Sources */ = {isa = PBXBuildFile; fileRef = 4750C1062EFDDF840012429D /* EventAnalyticsViewModel.swift */; };
		CAFB9EE15369CCC31CDCEF17 /* OrganizerPayoutSetupStep.swift in Sources */ = {isa = PBXBuildFile; fileRef = 4750C10C2EFDDF840012429D /* OrganizerPayoutSetupStep.swift */; };
		CD3908DF54054674B370E41E /* ShareSheet.swift in Sources */ = {isa = PBXBuildFile; fileRef = 4750C0B32EFDDF840012429D /* ShareSheet.swift */; };
		CE3BA1F0A87CA825264EBA10 /* OrganizerContactInfoStep.swift in Sources */ = {isa = PBXBuildFile; fileRef = 4750C1072EFDDF840012429D /* OrganizerContactInfoStep.swift */; };
		CEEF286C400D6D19DE73F537 /* AttendeeHomeViewModel.swift in Sources */ = {isa = PBXBuildFile; fileRef = 4750C0D72EFDDF840012429D /* AttendeeHomeViewModel.swift */; };
		D10A0B680C305715B4D03786 /* OrganizerTermsAgreementStep.swift in Sources */ = {isa = PBXBuildFile; fileRef = 4750C10E2EFDDF840012429D /* OrganizerTermsAgreementStep.swift */; };
		D2F7771FAA71F0E2ED0ADC9E /* ServiceContainer.swift in Sources */ = {isa = PBXBuildFile; fileRef = 4750C09F2EFDDF840012429D /* ServiceContainer.swift */; };
		D405239855021ED2F1016399 /* FavoriteEventCategoriesView.swift in Sources */ = {isa = PBXBuildFile; fileRef = 4750C0F12EFDDF840012429D /* FavoriteEventCategoriesView.swift */; };
		D6DFB0E7B0270407C3E0F2E9 /* NotificationAnalyticsRepository.swift in Sources */ = {isa = PBXBuildFile; fileRef = 4750C0C02EFDDF840012429D /* NotificationAnalyticsRepository.swift */; };
		D821E59B8F8EE839B3E295FD /* AppDesignSystem.swift in Sources */ = {isa = PBXBuildFile; fileRef = 4750C1232EFDDF840012429D /* AppDesignSystem.swift */; };
		D8AFF628ED73F0772989A039 /* AppNotificationRepository.swift in Sources */ = {isa = PBXBuildFile; fileRef = 4750C0B92EFDDF840012429D /* AppNotificationRepository.swift */; };
		D8E7A47350F592FDE02A96A1 /* DeviceOrientation.swift in Sources */ = {isa = PBXBuildFile; fileRef = 4750C0A42EFDDF840012429D /* DeviceOrientation.swift */; };
		D9948E444320DFC6DB3BFA8F /* CardScanner.swift in Sources */ = {isa = PBXBuildFile; fileRef = 4750C0EE2EFDDF840012429D /* CardScanner.swift */; };
		E05E586C61ED14110BAA8352 /* AuthComponents.swift in Sources */ = {isa = PBXBuildFile; fileRef = 4750C0E52EFDDF840012429D /* AuthComponents.swift */; };
		E0A8EA62C3F0B32E4A512082 /* PaymentMethodsView.swift in Sources */ = {isa = PBXBuildFile; fileRef = 4750C0F82EFDDF840012429D /* PaymentMethodsView.swift */; };
		E18F48098126F297FB611F4E /* SearchView.swift in Sources */ = {isa = PBXBuildFile; fileRef = 4750C0DD2EFDDF840012429D /* SearchView.swift */; };
		E25116E57BD93439A7ECCC68 /* PrivacyPolicyView.swift in Sources */ = {isa = PBXBuildFile; fileRef = 4750C0F92EFDDF840012429D /* PrivacyPolicyView.swift */; };
		E594232756BE0EBAE0885943 /* SalesCountdownTimer.swift in Sources */ = {isa = PBXBuildFile; fileRef = 4750C11F2EFDDF840012429D /* SalesCountdownTimer.swift */; };
		E634BE5A0780FB03F528AF9C /* UserInterests.swift in Sources */ = {isa = PBXBuildFile; fileRef = 4750C0D22EFDDF840012429D /* UserInterests.swift */; };
		E7BCF7703F7DD57595B0E253 /* NotificationModel.swift in Sources */ = {isa = PBXBuildFile; fileRef = 4750C0CA2EFDDF840012429D /* NotificationModel.swift */; };
		E7E05A43CC5CBF0F68476433 /* QRCodeView.swift in Sources */ = {isa = PBXBuildFile; fileRef = 4750C11E2EFDDF840012429D /* QRCodeView.swift */; };
		E92D6CB5BCF960DC3039EA01 /* TicketType.swift in Sources */ = {isa = PBXBuildFile; fileRef = 4750C0D02EFDDF840012429D /* TicketType.swift */; };
		E97AAC10705EE4AE05885BCE /* MarketingInsightsDetailView.swift in Sources */ = {isa = PBXBuildFile; fileRef = 461018CB616A93D67C864FD6 /* MarketingInsightsDetailView.swift */; };
		EA58C3B1A25E8ADDF055DE62 /* FavoriteManager.swift in Sources */ = {isa = PBXBuildFile; fileRef = 4750C0A52EFDDF840012429D /* FavoriteManager.swift */; };
		EAF8156B2C1EC1D060346364 /* UserPreferencesRepository.swift in Sources */ = {isa = PBXBuildFile; fileRef = 4750C0C62EFDDF840012429D /* UserPreferencesRepository.swift */; };
		EDF0E4B8D1B66AE2BD0714D6 /* TicketDetailView.swift in Sources */ = {isa = PBXBuildFile; fileRef = 4750C0DE2EFDDF840012429D /* TicketDetailView.swift */; };
		EE2A65475F40124033F9C55D /* AttendeeHomeView.swift in Sources */ = {isa = PBXBuildFile; fileRef = 4750C0D62EFDDF840012429D /* AttendeeHomeView.swift */; };
		EE9D7C7E358862F2CEFB1396 /* ScrollHelpers.swift in Sources */ = {isa = PBXBuildFile; fileRef = 4750C0B22EFDDF840012429D /* ScrollHelpers.swift */; };
		F19CD61A242EFEA4BDF8945B /* PermissionsView.swift in Sources */ = {isa = PBXBuildFile; fileRef = 4750C0E92EFDDF840012429D /* PermissionsView.swift */; };
		F26DB6AEC1F28EA1BB40F95D /* AudienceAnalyticsDetailView.swift in Sources */ = {isa = PBXBuildFile; fileRef = 920E8716D9AA9A77CEA50302 /* AudienceAnalyticsDetailView.swift */; };
		F4061B83B1E78348696121B4 /* OnboardingFlowView.swift in Sources */ = {isa = PBXBuildFile; fileRef = 4750C0E82EFDDF840012429D /* OnboardingFlowView.swift */; };
		F6B58CF3F5A3D7CC2E6A0B89 /* RoleConfig.swift in Sources */ = {isa = PBXBuildFile; fileRef = 4750C0962EFDDF840012429D /* RoleConfig.swift */; };
		F8C5EC2A331F6C80753027D2 /* AppStorageKeys.swift in Sources */ = {isa = PBXBuildFile; fileRef = 4750C09C2EFDDF840012429D /* AppStorageKeys.swift */; };
		FAAB2CA97A122BD10945AF96 /* CalendarConflictView.swift in Sources */ = {isa = PBXBuildFile; fileRef = 4750C0ED2EFDDF840012429D /* CalendarConflictView.swift */; };
		FEF8A3B15306249ACEEEB8E2 /* TermsOfUseView.swift in Sources */ = {isa = PBXBuildFile; fileRef = 4750C1002EFDDF840012429D /* TermsOfUseView.swift */; };
/* End PBXBuildFile section */

/* Begin PBXFileReference section */
		0E0ED3C80564C4E363993F74 /* ManageEventTicketsView.swift */ = {isa = PBXFileReference; includeInIndex = 1; lastKnownFileType = sourcecode.swift; path = ManageEventTicketsView.swift; sourceTree = "<group>"; };
		30E2ADB51125CF69010C7FA8 /* PredictiveAnalysisDetailView.swift */ = {isa = PBXFileReference; includeInIndex = 1; lastKnownFileType = sourcecode.swift; path = PredictiveAnalysisDetailView.swift; sourceTree = "<group>"; };
		461018CB616A93D67C864FD6 /* MarketingInsightsDetailView.swift */ = {isa = PBXFileReference; includeInIndex = 1; lastKnownFileType = sourcecode.swift; path = MarketingInsightsDetailView.swift; sourceTree = "<group>"; };
		4750C0912EFDDF840012429D /* MainTabView.swift */ = {isa = PBXFileReference; lastKnownFileType = sourcecode.swift; path = MainTabView.swift; sourceTree = "<group>"; };
		4750C0932EFDDF840012429D /* ContentView.swift */ = {isa = PBXFileReference; lastKnownFileType = sourcecode.swift; path = ContentView.swift; sourceTree = "<group>"; };
		4750C0942EFDDF840012429D /* EventPassUGApp.swift */ = {isa = PBXFileReference; lastKnownFileType = sourcecode.swift; path = EventPassUGApp.swift; sourceTree = "<group>"; };
		4750C0962EFDDF840012429D /* RoleConfig.swift */ = {isa = PBXFileReference; lastKnownFileType = sourcecode.swift; path = RoleConfig.swift; sourceTree = "<group>"; };
		4750C0992EFDDF840012429D /* PersistenceController.swift */ = {isa = PBXFileReference; lastKnownFileType = sourcecode.swift; path = PersistenceController.swift; sourceTree = "<group>"; };
		4750C09B2EFDDF840012429D /* AppStorage.swift */ = {isa = PBXFileReference; lastKnownFileType = sourcecode.swift; path = AppStorage.swift; sourceTree = "<group>"; };
		4750C09C2EFDDF840012429D /* AppStorageKeys.swift */ = {isa = PBXFileReference; lastKnownFileType = sourcecode.swift; path = AppStorageKeys.swift; sourceTree = "<group>"; };
		4750C09F2EFDDF840012429D /* ServiceContainer.swift */ = {isa = PBXFileReference; lastKnownFileType = sourcecode.swift; path = ServiceContainer.swift; sourceTree = "<group>"; };
		4750C0A12EFDDF840012429D /* Event+TicketSales.swift */ = {isa = PBXFileReference; lastKnownFileType = sourcecode.swift; path = "Event+TicketSales.swift"; sourceTree = "<group>"; };
		4750C0A32EFDDF840012429D /* DateUtilities.swift */ = {isa = PBXFileReference; lastKnownFileType = sourcecode.swift; path = DateUtilities.swift; sourceTree = "<group>"; };
		4750C0A42EFDDF840012429D /* DeviceOrientation.swift */ = {isa = PBXFileReference; lastKnownFileType = sourcecode.swift; path = DeviceOrientation.swift; sourceTree = "<group>"; };
		4750C0A52EFDDF840012429D /* FavoriteManager.swift */ = {isa = PBXFileReference; lastKnownFileType = sourcecode.swift; path = FavoriteManager.swift; sourceTree = "<group>"; };
		4750C0A62EFDDF840012429D /* FollowManager.swift */ = {isa = PBXFileReference; lastKnownFileType = sourcecode.swift; path = FollowManager.swift; sourceTree = "<group>"; };
		4750C0A72EFDDF840012429D /* HapticFeedback.swift */ = {isa = PBXFileReference; lastKnownFileType = sourcecode.swift; path = HapticFeedback.swift; sourceTree = "<group>"; };
		4750C0A82EFDDF840012429D /* ImageColorExtractor.swift */ = {isa = PBXFileReference; lastKnownFileType = sourcecode.swift; path = ImageColorExtractor.swift; sourceTree = "<group>"; };
		4750C0A92EFDDF840012429D /* ImageCompressor.swift */ = {isa = PBXFileReference; lastKnownFileType = sourcecode.swift; path = ImageCompressor.swift; sourceTree = "<group>"; };
		4750C0AA2EFDDF840012429D /* ImageStorageManager.swift */ = {isa = PBXFileReference; lastKnownFileType = sourcecode.swift; path = ImageStorageManager.swift; sourceTree = "<group>"; };
		4750C0AB2EFDDF840012429D /* ImageValidator.swift */ = {isa = PBXFileReference; lastKnownFileType = sourcecode.swift; path = ImageValidator.swift; sourceTree = "<group>"; };
		4750C0AC2EFDDF840012429D /* InAppNotificationManager.swift */ = {isa = PBXFileReference; lastKnownFileType = sourcecode.swift; path = InAppNotificationManager.swift; sourceTree = "<group>"; };
		4750C0AD2EFDDF840012429D /* OnboardingDebugView.swift */ = {isa = PBXFileReference; lastKnownFileType = sourcecode.swift; path = OnboardingDebugView.swift; sourceTree = "<group>"; };
		4750C0AE2EFDDF840012429D /* PDFGenerator.swift */ = {isa = PBXFileReference; lastKnownFileType = sourcecode.swift; path = PDFGenerator.swift; sourceTree = "<group>"; };
		4750C0AF2EFDDF840012429D /* PosterUploadManager.swift */ = {isa = PBXFileReference; lastKnownFileType = sourcecode.swift; path = PosterUploadManager.swift; sourceTree = "<group>"; };
		4750C0B02EFDDF840012429D /* QRCodeGenerator.swift */ = {isa = PBXFileReference; lastKnownFileType = sourcecode.swift; path = QRCodeGenerator.swift; sourceTree = "<group>"; };
		4750C0B12EFDDF840012429D /* ResponsiveSize.swift */ = {isa = PBXFileReference; lastKnownFileType = sourcecode.swift; path = ResponsiveSize.swift; sourceTree = "<group>"; };
		4750C0B22EFDDF840012429D /* ScrollHelpers.swift */ = {isa = PBXFileReference; lastKnownFileType = sourcecode.swift; path = ScrollHelpers.swift; sourceTree = "<group>"; };
		4750C0B32EFDDF840012429D /* ShareSheet.swift */ = {isa = PBXFileReference; lastKnownFileType = sourcecode.swift; path = ShareSheet.swift; sourceTree = "<group>"; };
		4750C0B42EFDDF840012429D /* Validation.swift */ = {isa = PBXFileReference; lastKnownFileType = sourcecode.swift; path = Validation.swift; sourceTree = "<group>"; };
		4750C0B72EFDDF840012429D /* TestDatabase.swift */ = {isa = PBXFileReference; lastKnownFileType = sourcecode.swift; path = TestDatabase.swift; sourceTree = "<group>"; };
		4750C0B92EFDDF840012429D /* AppNotificationRepository.swift */ = {isa = PBXFileReference; lastKnownFileType = sourcecode.swift; path = AppNotificationRepository.swift; sourceTree = "<group>"; };
		4750C0BA2EFDDF840012429D /* AuthRepository.swift */ = {isa = PBXFileReference; lastKnownFileType = sourcecode.swift; path = AuthRepository.swift; sourceTree = "<group>"; };
		4750C0BB2EFDDF840012429D /* CalendarRepository.swift */ = {isa = PBXFileReference; lastKnownFileType = sourcecode.swift; path = CalendarRepository.swift; sourceTree = "<group>"; };
		4750C0BC2EFDDF840012429D /* EnhancedAuthRepository.swift */ = {isa = PBXFileReference; lastKnownFileType = sourcecode.swift; path = EnhancedAuthRepository.swift; sourceTree = "<group>"; };
		4750C0BD2EFDDF840012429D /* EventFilterRepository.swift */ = {isa = PBXFileReference; lastKnownFileType = sourcecode.swift; path = EventFilterRepository.swift; sourceTree = "<group>"; };
		4750C0BE2EFDDF840012429D /* EventRepository.swift */ = {isa = PBXFileReference; lastKnownFileType = sourcecode.swift; path = EventRepository.swift; sourceTree = "<group>"; };
		4750C0BF2EFDDF840012429D /* LocationRepository.swift */ = {isa = PBXFileReference; lastKnownFileType = sourcecode.swift; path = LocationRepository.swift; sourceTree = "<group>"; };
		4750C0C02EFDDF840012429D /* NotificationAnalyticsRepository.swift */ = {isa = PBXFileReference; lastKnownFileType = sourcecode.swift; path = NotificationAnalyticsRepository.swift; sourceTree = "<group>"; };
		4750C0C12EFDDF840012429D /* NotificationRepository.swift */ = {isa = PBXFileReference; lastKnownFileType = sourcecode.swift; path = NotificationRepository.swift; sourceTree = "<group>"; };
		4750C0C22EFDDF840012429D /* PaymentRepository.swift */ = {isa = PBXFileReference; lastKnownFileType = sourcecode.swift; path = PaymentRepository.swift; sourceTree = "<group>"; };
		4750C0C32EFDDF840012429D /* RecommendationRepository.swift */ = {isa = PBXFileReference; lastKnownFileType = sourcecode.swift; path = RecommendationRepository.swift; sourceTree = "<group>"; };
		4750C0C42EFDDF840012429D /* TicketRepository.swift */ = {isa = PBXFileReference; lastKnownFileType = sourcecode.swift; path = TicketRepository.swift; sourceTree = "<group>"; };
		4750C0C52EFDDF840012429D /* UserLocationRepository.swift */ = {isa = PBXFileReference; lastKnownFileType = sourcecode.swift; path = UserLocationRepository.swift; sourceTree = "<group>"; };
		4750C0C62EFDDF840012429D /* UserPreferencesRepository.swift */ = {isa = PBXFileReference; lastKnownFileType = sourcecode.swift; path = UserPreferencesRepository.swift; sourceTree = "<group>"; };
		4750C0C92EFDDF840012429D /* Event.swift */ = {isa = PBXFileReference; lastKnownFileType = sourcecode.swift; path = Event.swift; sourceTree = "<group>"; };
		4750C0CA2EFDDF840012429D /* NotificationModel.swift */ = {isa = PBXFileReference; lastKnownFileType = sourcecode.swift; path = NotificationModel.swift; sourceTree = "<group>"; };
		4750C0CB2EFDDF840012429D /* NotificationPreferences.swift */ = {isa = PBXFileReference; lastKnownFileType = sourcecode.swift; path = NotificationPreferences.swift; sourceTree = "<group>"; };
		4750C0CC2EFDDF840012429D /* OrganizerProfile.swift */ = {isa = PBXFileReference; lastKnownFileType = sourcecode.swift; path = OrganizerProfile.swift; sourceTree = "<group>"; };
		4750C0CD2EFDDF840012429D /* PosterConfiguration.swift */ = {isa = PBXFileReference; lastKnownFileType = sourcecode.swift; path = PosterConfiguration.swift; sourceTree = "<group>"; };
		4750C0CE2EFDDF840012429D /* SupportModels.swift */ = {isa = PBXFileReference; lastKnownFileType = sourcecode.swift; path = SupportModels.swift; sourceTree = "<group>"; };
		4750C0CF2EFDDF840012429D /* Ticket.swift */ = {isa = PBXFileReference; lastKnownFileType = sourcecode.swift; path = Ticket.swift; sourceTree = "<group>"; };
		4750C0D02EFDDF840012429D /* TicketType.swift */ = {isa = PBXFileReference; lastKnownFileType = sourcecode.swift; path = TicketType.swift; sourceTree = "<group>"; };
		4750C0D12EFDDF840012429D /* User.swift */ = {isa = PBXFileReference; lastKnownFileType = sourcecode.swift; path = User.swift; sourceTree = "<group>"; };
		4750C0D22EFDDF840012429D /* UserInterests.swift */ = {isa = PBXFileReference; lastKnownFileType = sourcecode.swift; path = UserInterests.swift; sourceTree = "<group>"; };
		4750C0D32EFDDF840012429D /* UserPreferences.swift */ = {isa = PBXFileReference; lastKnownFileType = sourcecode.swift; path = UserPreferences.swift; sourceTree = "<group>"; };
		4750C0D62EFDDF840012429D /* AttendeeHomeView.swift */ = {isa = PBXFileReference; lastKnownFileType = sourcecode.swift; path = AttendeeHomeView.swift; sourceTree = "<group>"; };
		4750C0D72EFDDF840012429D /* AttendeeHomeViewModel.swift */ = {isa = PBXFileReference; lastKnownFileType = sourcecode.swift; path = AttendeeHomeViewModel.swift; sourceTree = "<group>"; };
		4750C0D82EFDDF840012429D /* DiscoveryViewModel.swift */ = {isa = PBXFileReference; lastKnownFileType = sourcecode.swift; path = DiscoveryViewModel.swift; sourceTree = "<group>"; };
		4750C0D92EFDDF840012429D /* EventDetailsView.swift */ = {isa = PBXFileReference; lastKnownFileType = sourcecode.swift; path = EventDetailsView.swift; sourceTree = "<group>"; };
		4750C0DA2EFDDF840012429D /* FavoriteEventsView.swift */ = {isa = PBXFileReference; lastKnownFileType = sourcecode.swift; path = FavoriteEventsView.swift; sourceTree = "<group>"; };
		4750C0DB2EFDDF840012429D /* PaymentConfirmationView.swift */ = {isa = PBXFileReference; lastKnownFileType = sourcecode.swift; path = PaymentConfirmationView.swift; sourceTree = "<group>"; };
		4750C0DC2EFDDF840012429D /* PaymentConfirmationViewModel.swift */ = {isa = PBXFileReference; lastKnownFileType = sourcecode.swift; path = PaymentConfirmationViewModel.swift; sourceTree = "<group>"; };
		4750C0DD2EFDDF840012429D /* SearchView.swift */ = {isa = PBXFileReference; lastKnownFileType = sourcecode.swift; path = SearchView.swift; sourceTree = "<group>"; };
		4750C0DE2EFDDF840012429D /* TicketDetailView.swift */ = {isa = PBXFileReference; lastKnownFileType = sourcecode.swift; path = TicketDetailView.swift; sourceTree = "<group>"; };
		4750C0DF2EFDDF840012429D /* TicketPurchaseView.swift */ = {isa = PBXFileReference; lastKnownFileType = sourcecode.swift; path = TicketPurchaseView.swift; sourceTree = "<group>"; };
		4750C0E02EFDDF840012429D /* TicketSuccessView.swift */ = {isa = PBXFileReference; lastKnownFileType = sourcecode.swift; path = TicketSuccessView.swift; sourceTree = "<group>"; };
		4750C0E12EFDDF840012429D /* TicketsView.swift */ = {isa = PBXFileReference; lastKnownFileType = sourcecode.swift; path = TicketsView.swift; sourceTree = "<group>"; };
		4750C0E32EFDDF840012429D /* AddContactMethodView.swift */ = {isa = PBXFileReference; lastKnownFileType = sourcecode.swift; path = AddContactMethodView.swift; sourceTree = "<group>"; };
		4750C0E42EFDDF840012429D /* AppIntroSlidesView.swift */ = {isa = PBXFileReference; lastKnownFileType = sourcecode.swift; path = AppIntroSlidesView.swift; sourceTree = "<group>"; };
		4750C0E52EFDDF840012429D /* AuthComponents.swift */ = {isa = PBXFileReference; lastKnownFileType = sourcecode.swift; path = AuthComponents.swift; sourceTree = "<group>"; };
		4750C0E62EFDDF840012429D /* AuthView.swift */ = {isa = PBXFileReference; lastKnownFileType = sourcecode.swift; path = AuthView.swift; sourceTree = "<group>"; };
		4750C0E72EFDDF840012429D /* AuthViewModel.swift */ = {isa = PBXFileReference; lastKnownFileType = sourcecode.swift; path = AuthViewModel.swift; sourceTree = "<group>"; };
		4750C0E82EFDDF840012429D /* OnboardingFlowView.swift */ = {isa = PBXFileReference; lastKnownFileType = sourcecode.swift; path = OnboardingFlowView.swift; sourceTree = "<group>"; };
		4750C0E92EFDDF840012429D /* PermissionsView.swift */ = {isa = PBXFileReference; lastKnownFileType = sourcecode.swift; path = PermissionsView.swift; sourceTree = "<group>"; };
		4750C0EA2EFDDF840012429D /* PhoneVerificationView.swift */ = {isa = PBXFileReference; lastKnownFileType = sourcecode.swift; path = PhoneVerificationView.swift; sourceTree = "<group>"; };
		4750C0EC2EFDDF840012429D /* AppGuidesView.swift */ = {isa = PBXFileReference; lastKnownFileType = sourcecode.swift; path = AppGuidesView.swift; sourceTree = "<group>"; };
		4750C0ED2EFDDF840012429D /* CalendarConflictView.swift */ = {isa = PBXFileReference; lastKnownFileType = sourcecode.swift; path = CalendarConflictView.swift; sourceTree = "<group>"; };
		4750C0EE2EFDDF840012429D /* CardScanner.swift */ = {isa = PBXFileReference; lastKnownFileType = sourcecode.swift; path = CardScanner.swift; sourceTree = "<group>"; };
		4750C0EF2EFDDF840012429D /* EditProfileView.swift */ = {isa = PBXFileReference; lastKnownFileType = sourcecode.swift; path = EditProfileView.swift; sourceTree = "<group>"; };
		4750C0F02EFDDF840012429D /* FAQSectionView.swift */ = {isa = PBXFileReference; lastKnownFileType = sourcecode.swift; path = FAQSectionView.swift; sourceTree = "<group>"; };
		4750C0F12EFDDF840012429D /* FavoriteEventCategoriesView.swift */ = {isa = PBXFileReference; lastKnownFileType = sourcecode.swift; path = FavoriteEventCategoriesView.swift; sourceTree = "<group>"; };
		4750C0F22EFDDF840012429D /* FeatureExplanationsView.swift */ = {isa = PBXFileReference; lastKnownFileType = sourcecode.swift; path = FeatureExplanationsView.swift; sourceTree = "<group>"; };
		4750C0F32EFDDF840012429D /* HelpCenterView.swift */ = {isa = PBXFileReference; lastKnownFileType = sourcecode.swift; path = HelpCenterView.swift; sourceTree = "<group>"; };
		4750C0F42EFDDF840012429D /* NationalIDVerificationView.swift */ = {isa = PBXFileReference; lastKnownFileType = sourcecode.swift; path = NationalIDVerificationView.swift; sourceTree = "<group>"; };
		4750C0F52EFDDF840012429D /* NotificationSettingsView.swift */ = {isa = PBXFileReference; lastKnownFileType = sourcecode.swift; path = NotificationSettingsView.swift; sourceTree = "<group>"; };
		4750C0F62EFDDF840012429D /* NotificationSettingsViewModel.swift */ = {isa = PBXFileReference; lastKnownFileType = sourcecode.swift; path = NotificationSettingsViewModel.swift; sourceTree = "<group>"; };
		4750C0F72EFDDF840012429D /* NotificationsView.swift */ = {isa = PBXFileReference; lastKnownFileType = sourcecode.swift; path = NotificationsView.swift; sourceTree = "<group>"; };
		4750C0F82EFDDF840012429D /* PaymentMethodsView.swift */ = {isa = PBXFileReference; lastKnownFileType = sourcecode.swift; path = PaymentMethodsView.swift; sourceTree = "<group>"; };
		4750C0F92EFDDF840012429D /* PrivacyPolicyView.swift */ = {isa = PBXFileReference; lastKnownFileType = sourcecode.swift; path = PrivacyPolicyView.swift; sourceTree = "<group>"; };
		4750C0FA2EFDDF840012429D /* ProfileView.swift */ = {isa = PBXFileReference; lastKnownFileType = sourcecode.swift; path = ProfileView.swift; sourceTree = "<group>"; };
		4750C0FB2EFDDF840012429D /* ProfileViewExtensions.swift */ = {isa = PBXFileReference; lastKnownFileType = sourcecode.swift; path = ProfileViewExtensions.swift; sourceTree = "<group>"; };
		4750C0FC2EFDDF840012429D /* SecurityInfoView.swift */ = {isa = PBXFileReference; lastKnownFileType = sourcecode.swift; path = SecurityInfoView.swift; sourceTree = "<group>"; };
		4750C0FD2EFDDF840012429D /* SubmitTicketView.swift */ = {isa = PBXFileReference; lastKnownFileType = sourcecode.swift; path = SubmitTicketView.swift; sourceTree = "<group>"; };
		4750C0FE2EFDDF840012429D /* SupportCenterView.swift */ = {isa = PBXFileReference; lastKnownFileType = sourcecode.swift; path = SupportCenterView.swift; sourceTree = "<group>"; };
		4750C0FF2EFDDF840012429D /* TermsAndPrivacyView.swift */ = {isa = PBXFileReference; lastKnownFileType = sourcecode.swift; path = TermsAndPrivacyView.swift; sourceTree = "<group>"; };
		4750C1002EFDDF840012429D /* TermsOfUseView.swift */ = {isa = PBXFileReference; lastKnownFileType = sourcecode.swift; path = TermsOfUseView.swift; sourceTree = "<group>"; };
		4750C1012EFDDF840012429D /* TroubleshootingView.swift */ = {isa = PBXFileReference; lastKnownFileType = sourcecode.swift; path = TroubleshootingView.swift; sourceTree = "<group>"; };
		4750C1032EFDDF840012429D /* BecomeOrganizerFlow.swift */ = {isa = PBXFileReference; lastKnownFileType = sourcecode.swift; path = BecomeOrganizerFlow.swift; sourceTree = "<group>"; };
		4750C1042EFDDF840012429D /* CreateEventWizard.swift */ = {isa = PBXFileReference; lastKnownFileType = sourcecode.swift; path = CreateEventWizard.swift; sourceTree = "<group>"; };
		4750C1052EFDDF840012429D /* EventAnalyticsView.swift */ = {isa = PBXFileReference; lastKnownFileType = sourcecode.swift; path = EventAnalyticsView.swift; sourceTree = "<group>"; };
		4750C1062EFDDF840012429D /* EventAnalyticsViewModel.swift */ = {isa = PBXFileReference; lastKnownFileType = sourcecode.swift; path = EventAnalyticsViewModel.swift; sourceTree = "<group>"; };
		4750C1072EFDDF840012429D /* OrganizerContactInfoStep.swift */ = {isa = PBXFileReference; lastKnownFileType = sourcecode.swift; path = OrganizerContactInfoStep.swift; sourceTree = "<group>"; };
		4750C1082EFDDF840012429D /* OrganizerDashboardView.swift */ = {isa = PBXFileReference; lastKnownFileType = sourcecode.swift; path = OrganizerDashboardView.swift; sourceTree = "<group>"; };
		4750C1092EFDDF840012429D /* OrganizerHomeView.swift */ = {isa = PBXFileReference; lastKnownFileType = sourcecode.swift; path = OrganizerHomeView.swift; sourceTree = "<group>"; };
		4750C10A2EFDDF840012429D /* OrganizerIdentityVerificationStep.swift */ = {isa = PBXFileReference; lastKnownFileType = sourcecode.swift; path = OrganizerIdentityVerificationStep.swift; sourceTree = "<group>"; };
		4750C10B2EFDDF840012429D /* OrganizerNotificationCenterView.swift */ = {isa = PBXFileReference; lastKnownFileType = sourcecode.swift; path = OrganizerNotificationCenterView.swift; sourceTree = "<group>"; };
		4750C10C2EFDDF840012429D /* OrganizerPayoutSetupStep.swift */ = {isa = PBXFileReference; lastKnownFileType = sourcecode.swift; path = OrganizerPayoutSetupStep.swift; sourceTree = "<group>"; };
		4750C10D2EFDDF840012429D /* OrganizerProfileCompletionStep.swift */ = {isa = PBXFileReference; lastKnownFileType = sourcecode.swift; path = OrganizerProfileCompletionStep.swift; sourceTree = "<group>"; };
		4750C10E2EFDDF840012429D /* OrganizerTermsAgreementStep.swift */ = {isa = PBXFileReference; lastKnownFileType = sourcecode.swift; path = OrganizerTermsAgreementStep.swift; sourceTree = "<group>"; };
		4750C10F2EFDDF840012429D /* QRScannerView.swift */ = {isa = PBXFileReference; lastKnownFileType = sourcecode.swift; path = QRScannerView.swift; sourceTree = "<group>"; };
		4750C1142EFDDF840012429D /* AnimatedLikeButton.swift */ = {isa = PBXFileReference; lastKnownFileType = sourcecode.swift; path = AnimatedLikeButton.swift; sourceTree = "<group>"; };
		4750C1152EFDDF840012429D /* CategoryTile.swift */ = {isa = PBXFileReference; lastKnownFileType = sourcecode.swift; path = CategoryTile.swift; sourceTree = "<group>"; };
		4750C1162EFDDF840012429D /* DashboardComponents.swift */ = {isa = PBXFileReference; lastKnownFileType = sourcecode.swift; path = DashboardComponents.swift; sourceTree = "<group>"; };
		4750C1172EFDDF840012429D /* EventCard.swift */ = {isa = PBXFileReference; lastKnownFileType = sourcecode.swift; path = EventCard.swift; sourceTree = "<group>"; };
		4750C1182EFDDF840012429D /* HeaderBar.swift */ = {isa = PBXFileReference; lastKnownFileType = sourcecode.swift; path = HeaderBar.swift; sourceTree = "<group>"; };
		4750C1192EFDDF840012429D /* LoadingView.swift */ = {isa = PBXFileReference; lastKnownFileType = sourcecode.swift; path = LoadingView.swift; sourceTree = "<group>"; };
		4750C11A2EFDDF840012429D /* NotificationBadge.swift */ = {isa = PBXFileReference; lastKnownFileType = sourcecode.swift; path = NotificationBadge.swift; sourceTree = "<group>"; };
		4750C11B2EFDDF840012429D /* PosterView.swift */ = {isa = PBXFileReference; lastKnownFileType = sourcecode.swift; path = PosterView.swift; sourceTree = "<group>"; };
		4750C11C2EFDDF840012429D /* ProfileHeaderView.swift */ = {isa = PBXFileReference; lastKnownFileType = sourcecode.swift; path = ProfileHeaderView.swift; sourceTree = "<group>"; };
		4750C11D2EFDDF840012429D /* PulsingDot.swift */ = {isa = PBXFileReference; lastKnownFileType = sourcecode.swift; path = PulsingDot.swift; sourceTree = "<group>"; };
		4750C11E2EFDDF840012429D /* QRCodeView.swift */ = {isa = PBXFileReference; lastKnownFileType = sourcecode.swift; path = QRCodeView.swift; sourceTree = "<group>"; };
		4750C11F2EFDDF840012429D /* SalesCountdownTimer.swift */ = {isa = PBXFileReference; lastKnownFileType = sourcecode.swift; path = SalesCountdownTimer.swift; sourceTree = "<group>"; };
		4750C1202EFDDF840012429D /* UIComponents.swift */ = {isa = PBXFileReference; lastKnownFileType = sourcecode.swift; path = UIComponents.swift; sourceTree = "<group>"; };
		4750C1212EFDDF840012429D /* VerificationRequiredOverlay.swift */ = {isa = PBXFileReference; lastKnownFileType = sourcecode.swift; path = VerificationRequiredOverlay.swift; sourceTree = "<group>"; };
		4750C1232EFDDF840012429D /* AppDesignSystem.swift */ = {isa = PBXFileReference; lastKnownFileType = sourcecode.swift; path = AppDesignSystem.swift; sourceTree = "<group>"; };
		4750C1262EFDDF840012429D /* EventPassUG.xcdatamodel */ = {isa = PBXFileReference; lastKnownFileType = wrapper.xcdatamodel; path = EventPassUG.xcdatamodel; sourceTree = "<group>"; };
		596A0169D31BCD5B6CDD224B /* AuthChoiceView.swift */ = {isa = PBXFileReference; includeInIndex = 1; lastKnownFileType = sourcecode.swift; path = AuthChoiceView.swift; sourceTree = "<group>"; };
		6D74FAE4FD556FF3F26AA9EE /* GuestPlaceholders.swift */ = {isa = PBXFileReference; includeInIndex = 1; lastKnownFileType = sourcecode.swift; path = GuestPlaceholders.swift; sourceTree = "<group>"; };
		79DADAF080FA89248B8A3F25 /* Info.plist */ = {isa = PBXFileReference; lastKnownFileType = text.plist.xml; path = Info.plist; sourceTree = "<group>"; };
		83D32D584282FCF601A3ADB6 /* EventPassUG.app */ = {isa = PBXFileReference; explicitFileType = wrapper.application; includeInIndex = 0; path = EventPassUG.app; sourceTree = BUILT_PRODUCTS_DIR; };
		920E8716D9AA9A77CEA50302 /* AudienceAnalyticsDetailView.swift */ = {isa = PBXFileReference; includeInIndex = 1; lastKnownFileType = sourcecode.swift; path = AudienceAnalyticsDetailView.swift; sourceTree = "<group>"; };
		9303670E098B828C4BDC34F4 /* OrganizerAnalytics.swift */ = {isa = PBXFileReference; includeInIndex = 1; lastKnownFileType = sourcecode.swift; path = OrganizerAnalytics.swift; sourceTree = "<group>"; };
		B59D293ED25DF9B5F577E27D /* IDCameraView.swift */ = {isa = PBXFileReference; includeInIndex = 1; lastKnownFileType = sourcecode.swift; path = IDCameraView.swift; sourceTree = "<group>"; };
		C138F4BDC643961C9FF7C790 /* OperationsDetailView.swift */ = {isa = PBXFileReference; includeInIndex = 1; lastKnownFileType = sourcecode.swift; path = OperationsDetailView.swift; sourceTree = "<group>"; };
		DD3B62C0E07C53C997E9C549 /* OrganizerAnalyticsDashboardViewModel.swift */ = {isa = PBXFileReference; includeInIndex = 1; lastKnownFileType = sourcecode.swift; path = OrganizerAnalyticsDashboardViewModel.swift; sourceTree = "<group>"; };
		E263E86FCAF34C3E53AA7FDF /* RevenueAnalyticsDetailView.swift */ = {isa = PBXFileReference; includeInIndex = 1; lastKnownFileType = sourcecode.swift; path = RevenueAnalyticsDetailView.swift; sourceTree = "<group>"; };
		E4C63D95BC9A16CCA9DAFD61 /* AuthPromptSheet.swift */ = {isa = PBXFileReference; includeInIndex = 1; lastKnownFileType = sourcecode.swift; path = AuthPromptSheet.swift; sourceTree = "<group>"; };
		EBA1D9804E77FAE965F5F032 /* AnalyticsDashboardComponents.swift */ = {isa = PBXFileReference; includeInIndex = 1; lastKnownFileType = sourcecode.swift; path = AnalyticsDashboardComponents.swift; sourceTree = "<group>"; };
		ED9E3877B1BC2CC3C9BA74F3 /* Assets.xcassets */ = {isa = PBXFileReference; lastKnownFileType = folder.assetcatalog; path = Assets.xcassets; sourceTree = "<group>"; };
		F56CA5B3454663E5A74C85D9 /* TicketAnalyticsDetailView.swift */ = {isa = PBXFileReference; includeInIndex = 1; lastKnownFileType = sourcecode.swift; path = TicketAnalyticsDetailView.swift; sourceTree = "<group>"; };
		F619E77C7370842FDB348532 /* AnalyticsCharts.swift */ = {isa = PBXFileReference; includeInIndex = 1; lastKnownFileType = sourcecode.swift; path = AnalyticsCharts.swift; sourceTree = "<group>"; };
/* End PBXFileReference section */

/* Begin PBXFrameworksBuildPhase section */
		3420984D166303D4AB05B2C9 /* Frameworks */ = {
			isa = PBXFrameworksBuildPhase;
			buildActionMask = 2147483647;
			files = (
			);
			runOnlyForDeploymentPostprocessing = 0;
		};
/* End PBXFrameworksBuildPhase section */

/* Begin PBXGroup section */
		04B77584117B2FE894D09283 /* Products */ = {
			isa = PBXGroup;
			children = (
				83D32D584282FCF601A3ADB6 /* EventPassUG.app */,
			);
			name = Products;
			sourceTree = "<group>";
		};
		058D15D85F386BB9FA88F669 /* Analytics */ = {
			isa = PBXGroup;
			children = (
				E263E86FCAF34C3E53AA7FDF /* RevenueAnalyticsDetailView.swift */,
				F56CA5B3454663E5A74C85D9 /* TicketAnalyticsDetailView.swift */,
				920E8716D9AA9A77CEA50302 /* AudienceAnalyticsDetailView.swift */,
				461018CB616A93D67C864FD6 /* MarketingInsightsDetailView.swift */,
				C138F4BDC643961C9FF7C790 /* OperationsDetailView.swift */,
				30E2ADB51125CF69010C7FA8 /* PredictiveAnalysisDetailView.swift */,
			);
			name = Analytics;
			path = Analytics;
			sourceTree = "<group>";
		};
		185E7F565787E6447E2D00F2 /* EventPassUG */ = {
			isa = PBXGroup;
			children = (
				79DADAF080FA89248B8A3F25 /* Info.plist */,
				30E8D5B3B182D48FCEFA0E34 /* Resources */,
				4750C0952EFDDF840012429D /* App */,
				4750C1112EFDDF840012429D /* Features */,
				4750C0D52EFDDF840012429D /* Domain */,
				4750C0C82EFDDF840012429D /* Data */,
				4750C1252EFDDF840012429D /* UI */,
				4750C0B62EFDDF840012429D /* Core */,
			);
			path = EventPassUG;
			sourceTree = "<group>";
		};
		2F72F308404F2B7306E8F85E = {
			isa = PBXGroup;
			children = (
				185E7F565787E6447E2D00F2 /* EventPassUG */,
				04B77584117B2FE894D09283 /* Products */,
				4786591B2EF1482D007884FA /* Recovered References */,
			);
			sourceTree = "<group>";
		};
		30E8D5B3B182D48FCEFA0E34 /* Resources */ = {
			isa = PBXGroup;
			children = (
				ED9E3877B1BC2CC3C9BA74F3 /* Assets.xcassets */,
			);
			path = Resources;
			sourceTree = "<group>";
		};
		4750C0922EFDDF840012429D /* Routing */ = {
			isa = PBXGroup;
			children = (
				4750C0912EFDDF840012429D /* MainTabView.swift */,
			);
			path = Routing;
			sourceTree = "<group>";
		};
		4750C0952EFDDF840012429D /* App */ = {
			isa = PBXGroup;
			children = (
				4750C0922EFDDF840012429D /* Routing */,
				4750C0932EFDDF840012429D /* ContentView.swift */,
				4750C0942EFDDF840012429D /* EventPassUGApp.swift */,
			);
			path = App;
			sourceTree = "<group>";
		};
		4750C0972EFDDF840012429D /* Configuration */ = {
			isa = PBXGroup;
			children = (
				4750C0962EFDDF840012429D /* RoleConfig.swift */,
			);
			path = Configuration;
			sourceTree = "<group>";
		};
		4750C09A2EFDDF840012429D /* CoreData */ = {
			isa = PBXGroup;
			children = (
				4750C0982EFDDF840012429D /* EventPassUG.xcdatamodeld */,
				4750C0992EFDDF840012429D /* PersistenceController.swift */,
			);
			path = CoreData;
			sourceTree = "<group>";
		};
		4750C09D2EFDDF840012429D /* Storage */ = {
			isa = PBXGroup;
			children = (
				4750C09B2EFDDF840012429D /* AppStorage.swift */,
				4750C09C2EFDDF840012429D /* AppStorageKeys.swift */,
			);
			path = Storage;
			sourceTree = "<group>";
		};
		4750C09E2EFDDF840012429D /* Data */ = {
			isa = PBXGroup;
			children = (
				4750C09A2EFDDF840012429D /* CoreData */,
				4750C09D2EFDDF840012429D /* Storage */,
			);
			path = Data;
			sourceTree = "<group>";
		};
		4750C0A02EFDDF840012429D /* DI */ = {
			isa = PBXGroup;
			children = (
				4750C09F2EFDDF840012429D /* ServiceContainer.swift */,
			);
			path = DI;
			sourceTree = "<group>";
		};
		4750C0A22EFDDF840012429D /* Extensions */ = {
			isa = PBXGroup;
			children = (
				4750C0A12EFDDF840012429D /* Event+TicketSales.swift */,
			);
			path = Extensions;
			sourceTree = "<group>";
		};
		4750C0B52EFDDF840012429D /* Utilities */ = {
			isa = PBXGroup;
			children = (
				4750C0A32EFDDF840012429D /* DateUtilities.swift */,
				4750C0A42EFDDF840012429D /* DeviceOrientation.swift */,
				4750C0A52EFDDF840012429D /* FavoriteManager.swift */,
				4750C0A62EFDDF840012429D /* FollowManager.swift */,
				4750C0A72EFDDF840012429D /* HapticFeedback.swift */,
				4750C0A82EFDDF840012429D /* ImageColorExtractor.swift */,
				4750C0A92EFDDF840012429D /* ImageCompressor.swift */,
				4750C0AA2EFDDF840012429D /* ImageStorageManager.swift */,
				4750C0AB2EFDDF840012429D /* ImageValidator.swift */,
				4750C0AC2EFDDF840012429D /* InAppNotificationManager.swift */,
				4750C0AD2EFDDF840012429D /* OnboardingDebugView.swift */,
				4750C0AE2EFDDF840012429D /* PDFGenerator.swift */,
				4750C0AF2EFDDF840012429D /* PosterUploadManager.swift */,
				4750C0B02EFDDF840012429D /* QRCodeGenerator.swift */,
				4750C0B12EFDDF840012429D /* ResponsiveSize.swift */,
				4750C0B22EFDDF840012429D /* ScrollHelpers.swift */,
				4750C0B32EFDDF840012429D /* ShareSheet.swift */,
				4750C0B42EFDDF840012429D /* Validation.swift */,
			);
			path = Utilities;
			sourceTree = "<group>";
		};
		4750C0B62EFDDF840012429D /* Core */ = {
			isa = PBXGroup;
			children = (
				4750C0972EFDDF840012429D /* Configuration */,
				4750C09E2EFDDF840012429D /* Data */,
				4750C0A02EFDDF840012429D /* DI */,
				4750C0A22EFDDF840012429D /* Extensions */,
				4750C0B52EFDDF840012429D /* Utilities */,
			);
			path = Core;
			sourceTree = "<group>";
		};
		4750C0B82EFDDF840012429D /* Persistence */ = {
			isa = PBXGroup;
			children = (
				4750C0B72EFDDF840012429D /* TestDatabase.swift */,
			);
			path = Persistence;
			sourceTree = "<group>";
		};
		4750C0C72EFDDF840012429D /* Repositories */ = {
			isa = PBXGroup;
			children = (
				4750C0B92EFDDF840012429D /* AppNotificationRepository.swift */,
				4750C0BA2EFDDF840012429D /* AuthRepository.swift */,
				4750C0BB2EFDDF840012429D /* CalendarRepository.swift */,
				4750C0BC2EFDDF840012429D /* EnhancedAuthRepository.swift */,
				4750C0BD2EFDDF840012429D /* EventFilterRepository.swift */,
				4750C0BE2EFDDF840012429D /* EventRepository.swift */,
				4750C0BF2EFDDF840012429D /* LocationRepository.swift */,
				4750C0C02EFDDF840012429D /* NotificationAnalyticsRepository.swift */,
				4750C0C12EFDDF840012429D /* NotificationRepository.swift */,
				4750C0C22EFDDF840012429D /* PaymentRepository.swift */,
				4750C0C32EFDDF840012429D /* RecommendationRepository.swift */,
				4750C0C42EFDDF840012429D /* TicketRepository.swift */,
				4750C0C52EFDDF840012429D /* UserLocationRepository.swift */,
				4750C0C62EFDDF840012429D /* UserPreferencesRepository.swift */,
			);
			path = Repositories;
			sourceTree = "<group>";
		};
		4750C0C82EFDDF840012429D /* Data */ = {
			isa = PBXGroup;
			children = (
				4750C0B82EFDDF840012429D /* Persistence */,
				4750C0C72EFDDF840012429D /* Repositories */,
			);
			path = Data;
			sourceTree = "<group>";
		};
		4750C0D42EFDDF840012429D /* Models */ = {
			isa = PBXGroup;
			children = (
				4750C0C92EFDDF840012429D /* Event.swift */,
				4750C0CA2EFDDF840012429D /* NotificationModel.swift */,
				4750C0CB2EFDDF840012429D /* NotificationPreferences.swift */,
				4750C0CC2EFDDF840012429D /* OrganizerProfile.swift */,
				4750C0CD2EFDDF840012429D /* PosterConfiguration.swift */,
				4750C0CE2EFDDF840012429D /* SupportModels.swift */,
				4750C0CF2EFDDF840012429D /* Ticket.swift */,
				4750C0D02EFDDF840012429D /* TicketType.swift */,
				4750C0D12EFDDF840012429D /* User.swift */,
				4750C0D22EFDDF840012429D /* UserInterests.swift */,
				4750C0D32EFDDF840012429D /* UserPreferences.swift */,
				9303670E098B828C4BDC34F4 /* OrganizerAnalytics.swift */,
			);
			path = Models;
			sourceTree = "<group>";
		};
		4750C0D52EFDDF840012429D /* Domain */ = {
			isa = PBXGroup;
			children = (
				4750C0D42EFDDF840012429D /* Models */,
			);
			path = Domain;
			sourceTree = "<group>";
		};
		4750C0E22EFDDF840012429D /* Attendee */ = {
			isa = PBXGroup;
			children = (
				4750C0D62EFDDF840012429D /* AttendeeHomeView.swift */,
				4750C0D72EFDDF840012429D /* AttendeeHomeViewModel.swift */,
				4750C0D82EFDDF840012429D /* DiscoveryViewModel.swift */,
				4750C0D92EFDDF840012429D /* EventDetailsView.swift */,
				4750C0DA2EFDDF840012429D /* FavoriteEventsView.swift */,
				4750C0DB2EFDDF840012429D /* PaymentConfirmationView.swift */,
				4750C0DC2EFDDF840012429D /* PaymentConfirmationViewModel.swift */,
				4750C0DD2EFDDF840012429D /* SearchView.swift */,
				4750C0DE2EFDDF840012429D /* TicketDetailView.swift */,
				4750C0DF2EFDDF840012429D /* TicketPurchaseView.swift */,
				4750C0E02EFDDF840012429D /* TicketSuccessView.swift */,
				4750C0E12EFDDF840012429D /* TicketsView.swift */,
			);
			path = Attendee;
			sourceTree = "<group>";
		};
		4750C0EB2EFDDF840012429D /* Auth */ = {
			isa = PBXGroup;
			children = (
				4750C0E32EFDDF840012429D /* AddContactMethodView.swift */,
				4750C0E42EFDDF840012429D /* AppIntroSlidesView.swift */,
				4750C0E52EFDDF840012429D /* AuthComponents.swift */,
				4750C0E62EFDDF840012429D /* AuthView.swift */,
				4750C0E72EFDDF840012429D /* AuthViewModel.swift */,
				4750C0E82EFDDF840012429D /* OnboardingFlowView.swift */,
				4750C0E92EFDDF840012429D /* PermissionsView.swift */,
				4750C0EA2EFDDF840012429D /* PhoneVerificationView.swift */,
				596A0169D31BCD5B6CDD224B /* AuthChoiceView.swift */,
			);
			path = Auth;
			sourceTree = "<group>";
		};
		4750C1022EFDDF840012429D /* Common */ = {
			isa = PBXGroup;
			children = (
				4750C0EC2EFDDF840012429D /* AppGuidesView.swift */,
				4750C0ED2EFDDF840012429D /* CalendarConflictView.swift */,
				4750C0EE2EFDDF840012429D /* CardScanner.swift */,
				4750C0EF2EFDDF840012429D /* EditProfileView.swift */,
				4750C0F02EFDDF840012429D /* FAQSectionView.swift */,
				4750C0F12EFDDF840012429D /* FavoriteEventCategoriesView.swift */,
				4750C0F22EFDDF840012429D /* FeatureExplanationsView.swift */,
				4750C0F32EFDDF840012429D /* HelpCenterView.swift */,
				4750C0F42EFDDF840012429D /* NationalIDVerificationView.swift */,
				4750C0F52EFDDF840012429D /* NotificationSettingsView.swift */,
				4750C0F62EFDDF840012429D /* NotificationSettingsViewModel.swift */,
				4750C0F72EFDDF840012429D /* NotificationsView.swift */,
				4750C0F82EFDDF840012429D /* PaymentMethodsView.swift */,
				4750C0F92EFDDF840012429D /* PrivacyPolicyView.swift */,
				4750C0FA2EFDDF840012429D /* ProfileView.swift */,
				4750C0FB2EFDDF840012429D /* ProfileViewExtensions.swift */,
				4750C0FC2EFDDF840012429D /* SecurityInfoView.swift */,
				4750C0FD2EFDDF840012429D /* SubmitTicketView.swift */,
				4750C0FE2EFDDF840012429D /* SupportCenterView.swift */,
				4750C0FF2EFDDF840012429D /* TermsAndPrivacyView.swift */,
				4750C1002EFDDF840012429D /* TermsOfUseView.swift */,
				4750C1012EFDDF840012429D /* TroubleshootingView.swift */,
				6D74FAE4FD556FF3F26AA9EE /* GuestPlaceholders.swift */,
				B59D293ED25DF9B5F577E27D /* IDCameraView.swift */,
			);
			path = Common;
			sourceTree = "<group>";
		};
		4750C1102EFDDF840012429D /* Organizer */ = {
			isa = PBXGroup;
			children = (
				4750C1032EFDDF840012429D /* BecomeOrganizerFlow.swift */,
				4750C1042EFDDF840012429D /* CreateEventWizard.swift */,
				4750C1052EFDDF840012429D /* EventAnalyticsView.swift */,
				4750C1062EFDDF840012429D /* EventAnalyticsViewModel.swift */,
				4750C1072EFDDF840012429D /* OrganizerContactInfoStep.swift */,
				4750C1082EFDDF840012429D /* OrganizerDashboardView.swift */,
				4750C1092EFDDF840012429D /* OrganizerHomeView.swift */,
				4750C10A2EFDDF840012429D /* OrganizerIdentityVerificationStep.swift */,
				4750C10B2EFDDF840012429D /* OrganizerNotificationCenterView.swift */,
				4750C10C2EFDDF840012429D /* OrganizerPayoutSetupStep.swift */,
				4750C10D2EFDDF840012429D /* OrganizerProfileCompletionStep.swift */,
				4750C10E2EFDDF840012429D /* OrganizerTermsAgreementStep.swift */,
				4750C10F2EFDDF840012429D /* QRScannerView.swift */,
				0E0ED3C80564C4E363993F74 /* ManageEventTicketsView.swift */,
				DD3B62C0E07C53C997E9C549 /* OrganizerAnalyticsDashboardViewModel.swift */,
				058D15D85F386BB9FA88F669 /* Analytics */,
			);
			path = Organizer;
			sourceTree = "<group>";
		};
		4750C1112EFDDF840012429D /* Features */ = {
			isa = PBXGroup;
			children = (
				4750C0E22EFDDF840012429D /* Attendee */,
				4750C0EB2EFDDF840012429D /* Auth */,
				4750C1022EFDDF840012429D /* Common */,
				4750C1102EFDDF840012429D /* Organizer */,
			);
			path = Features;
			sourceTree = "<group>";
		};
		4750C1222EFDDF840012429D /* Components */ = {
			isa = PBXGroup;
			children = (
				4750C1142EFDDF840012429D /* AnimatedLikeButton.swift */,
				4750C1152EFDDF840012429D /* CategoryTile.swift */,
				4750C1162EFDDF840012429D /* DashboardComponents.swift */,
				4750C1172EFDDF840012429D /* EventCard.swift */,
				4750C1182EFDDF840012429D /* HeaderBar.swift */,
				4750C1192EFDDF840012429D /* LoadingView.swift */,
				4750C11A2EFDDF840012429D /* NotificationBadge.swift */,
				4750C11B2EFDDF840012429D /* PosterView.swift */,
				4750C11C2EFDDF840012429D /* ProfileHeaderView.swift */,
				4750C11D2EFDDF840012429D /* PulsingDot.swift */,
				4750C11E2EFDDF840012429D /* QRCodeView.swift */,
				4750C11F2EFDDF840012429D /* SalesCountdownTimer.swift */,
				4750C1202EFDDF840012429D /* UIComponents.swift */,
				4750C1212EFDDF840012429D /* VerificationRequiredOverlay.swift */,
				E4C63D95BC9A16CCA9DAFD61 /* AuthPromptSheet.swift */,
				F619E77C7370842FDB348532 /* AnalyticsCharts.swift */,
				EBA1D9804E77FAE965F5F032 /* AnalyticsDashboardComponents.swift */,
			);
			path = Components;
			sourceTree = "<group>";
		};
		4750C1242EFDDF840012429D /* DesignSystem */ = {
			isa = PBXGroup;
			children = (
				4750C1232EFDDF840012429D /* AppDesignSystem.swift */,
			);
			path = DesignSystem;
			sourceTree = "<group>";
		};
		4750C1252EFDDF840012429D /* UI */ = {
			isa = PBXGroup;
			children = (
				4750C1222EFDDF840012429D /* Components */,
				4750C1242EFDDF840012429D /* DesignSystem */,
			);
			path = UI;
			sourceTree = "<group>";
		};
		4786591B2EF1482D007884FA /* Recovered References */ = {
			isa = PBXGroup;
			children = (
			);
			name = "Recovered References";
			sourceTree = "<group>";
		};
/* End PBXGroup section */

/* Begin PBXNativeTarget section */
		6ACA69C978E2C1F3E7FB996D /* EventPassUG */ = {
			isa = PBXNativeTarget;
			buildConfigurationList = E14275F31EE7750F5C048541 /* Build configuration list for PBXNativeTarget "EventPassUG" */;
			buildPhases = (
				95C21B39E19E8FD1A1225601 /* Sources */,
				3420984D166303D4AB05B2C9 /* Frameworks */,
				4B2F48D69676CEE7B4FD11EA /* Resources */,
			);
			buildRules = (
			);
			dependencies = (
			);
			name = EventPassUG;
			productName = EventPassUG;
			productReference = 83D32D584282FCF601A3ADB6 /* EventPassUG.app */;
			productType = "com.apple.product-type.application";
		};
/* End PBXNativeTarget section */

/* Begin PBXProject section */
		2152215DAD3233DF3D4586FA /* Project object */ = {
			isa = PBXProject;
			attributes = {
				BuildIndependentTargetsInParallel = YES;
				LastSwiftUpdateCheck = 1500;
				LastUpgradeCheck = 2620;
				TargetAttributes = {
					6ACA69C978E2C1F3E7FB996D = {
						CreatedOnToolsVersion = 15.0;
					};
				};
			};
			buildConfigurationList = 7E08856E0CC0D76315C167C3 /* Build configuration list for PBXProject "EventPassUG" */;
			compatibilityVersion = "Xcode 14.0";
			developmentRegion = en;
			hasScannedForEncodings = 0;
			knownRegions = (
				en,
				Base,
			);
			mainGroup = 2F72F308404F2B7306E8F85E;
			productRefGroup = 04B77584117B2FE894D09283 /* Products */;
			projectDirPath = "";
			projectRoot = "";
			targets = (
				6ACA69C978E2C1F3E7FB996D /* EventPassUG */,
			);
		};
/* End PBXProject section */

/* Begin PBXResourcesBuildPhase section */
		4B2F48D69676CEE7B4FD11EA /* Resources */ = {
			isa = PBXResourcesBuildPhase;
			buildActionMask = 2147483647;
			files = (
				9D20BC1E282D4968F5CCA43D /* Assets.xcassets in Resources */,
			);
			runOnlyForDeploymentPostprocessing = 0;
		};
/* End PBXResourcesBuildPhase section */

/* Begin PBXSourcesBuildPhase section */
		95C21B39E19E8FD1A1225601 /* Sources */ = {
			isa = PBXSourcesBuildPhase;
			buildActionMask = 2147483647;
			files = (
				3F31A89F30B3DD98B4C9CB9D /* MainTabView.swift in Sources */,
				568C6D8CF2BE8C8D7FCB75FA /* ContentView.swift in Sources */,
				C3FCEC50B20DBBF505A87667 /* EventPassUGApp.swift in Sources */,
				F6B58CF3F5A3D7CC2E6A0B89 /* RoleConfig.swift in Sources */,
				6F46273018D40915E7AD2799 /* PersistenceController.swift in Sources */,
				7F23060FB4C88AA887EA4731 /* AppStorage.swift in Sources */,
				F8C5EC2A331F6C80753027D2 /* AppStorageKeys.swift in Sources */,
				D2F7771FAA71F0E2ED0ADC9E /* ServiceContainer.swift in Sources */,
				CA8E07FB52F518758F5C2E1F /* Event+TicketSales.swift in Sources */,
				B8FE29E05D216165337E3A50 /* DateUtilities.swift in Sources */,
				D8E7A47350F592FDE02A96A1 /* DeviceOrientation.swift in Sources */,
				EA58C3B1A25E8ADDF055DE62 /* FavoriteManager.swift in Sources */,
				47086A1A8DBA824C72B49185 /* FollowManager.swift in Sources */,
				C4F3CDA85066038932AA464D /* HapticFeedback.swift in Sources */,
				22151F3403EF3958DD3C5A6C /* ImageColorExtractor.swift in Sources */,
				7093EB065629CB7D266EFC9C /* ImageCompressor.swift in Sources */,
				3AC3D07FDF24CF94A8EA3A40 /* ImageStorageManager.swift in Sources */,
				195021DBAB778A4E421362FF /* ImageValidator.swift in Sources */,
				CA340C5D99A80DEDC06EA579 /* InAppNotificationManager.swift in Sources */,
				90F6BF82F9624B507D844932 /* OnboardingDebugView.swift in Sources */,
				A9DDEDFD95C15D39462967E2 /* PDFGenerator.swift in Sources */,
				63592336CFD5712B53617075 /* PosterUploadManager.swift in Sources */,
				8D07FB9029E260DBE131CBFC /* QRCodeGenerator.swift in Sources */,
				6001DA0A2BAE745331F093A6 /* ResponsiveSize.swift in Sources */,
				EE9D7C7E358862F2CEFB1396 /* ScrollHelpers.swift in Sources */,
				CD3908DF54054674B370E41E /* ShareSheet.swift in Sources */,
				15FEC2AAA48ACB2A17964C2F /* Validation.swift in Sources */,
				8A256A90C8C41431A80FC4F2 /* TestDatabase.swift in Sources */,
				D8AFF628ED73F0772989A039 /* AppNotificationRepository.swift in Sources */,
				2CA27282EFDD2AF0B41FB0F3 /* AuthRepository.swift in Sources */,
				2D0EAE7CF1B7692E90C3B0AF /* CalendarRepository.swift in Sources */,
				9C993DAF154D5915A7784BDF /* EnhancedAuthRepository.swift in Sources */,
				31136C8511EED81735F5C395 /* EventFilterRepository.swift in Sources */,
				02203B9CB5ED1CCF0A5F6415 /* EventRepository.swift in Sources */,
				65BE5AD38195323EAF1FC135 /* LocationRepository.swift in Sources */,
				D6DFB0E7B0270407C3E0F2E9 /* NotificationAnalyticsRepository.swift in Sources */,
				172C482B577713073B0D5D5B /* NotificationRepository.swift in Sources */,
				432516A22A054C0F7CDA5F4D /* PaymentRepository.swift in Sources */,
				47E081502A141B4E05D7009D /* RecommendationRepository.swift in Sources */,
				79F382B860DD3A0459E572E2 /* TicketRepository.swift in Sources */,
				856720C7A75558886EB4E0CD /* UserLocationRepository.swift in Sources */,
				EAF8156B2C1EC1D060346364 /* UserPreferencesRepository.swift in Sources */,
				744C4A813BE69DE4A3A25D95 /* Event.swift in Sources */,
				E7BCF7703F7DD57595B0E253 /* NotificationModel.swift in Sources */,
				7BDD0B72DE764B7D52F2D13A /* NotificationPreferences.swift in Sources */,
				4F243BC3C30F42F69F8864B7 /* OrganizerProfile.swift in Sources */,
				03521DEEEF4CE48412855B8F /* PosterConfiguration.swift in Sources */,
				C8A4EFC47E39B026679D8616 /* SupportModels.swift in Sources */,
				086059B3CF708422096FB5D9 /* Ticket.swift in Sources */,
				E92D6CB5BCF960DC3039EA01 /* TicketType.swift in Sources */,
				8D02175022A850BD57FDDA67 /* User.swift in Sources */,
				E634BE5A0780FB03F528AF9C /* UserInterests.swift in Sources */,
				1EB87A4BF0EAE686F3ED1B71 /* UserPreferences.swift in Sources */,
				EE2A65475F40124033F9C55D /* AttendeeHomeView.swift in Sources */,
				CEEF286C400D6D19DE73F537 /* AttendeeHomeViewModel.swift in Sources */,
				43E4DC20B72E37BE9946B3B6 /* DiscoveryViewModel.swift in Sources */,
				5FCD4A0A052077CBE9E4206A /* EventDetailsView.swift in Sources */,
				20C652BFC55BDB95894AEAEF /* FavoriteEventsView.swift in Sources */,
				BC7CB134EF479AF5A0982E3B /* PaymentConfirmationView.swift in Sources */,
				C73EC18682BAA748ADE3C010 /* PaymentConfirmationViewModel.swift in Sources */,
				E18F48098126F297FB611F4E /* SearchView.swift in Sources */,
				EDF0E4B8D1B66AE2BD0714D6 /* TicketDetailView.swift in Sources */,
				2BDD7A09DF09D2662D3CF362 /* TicketPurchaseView.swift in Sources */,
				B732B5EFF9E256E1D7485A18 /* TicketSuccessView.swift in Sources */,
				37A514C69D0BEAD855322673 /* TicketsView.swift in Sources */,
				38C44637D5C9029441B8D9BE /* AddContactMethodView.swift in Sources */,
				14576D1F6EBD1042DB88496B /* AppIntroSlidesView.swift in Sources */,
				E05E586C61ED14110BAA8352 /* AuthComponents.swift in Sources */,
				468D7066C9492D116B60E843 /* AuthView.swift in Sources */,
				C901DED0703498BAC83441E6 /* AuthViewModel.swift in Sources */,
				F4061B83B1E78348696121B4 /* OnboardingFlowView.swift in Sources */,
				F19CD61A242EFEA4BDF8945B /* PermissionsView.swift in Sources */,
				28C09420EA6FEFB89F5D0A36 /* PhoneVerificationView.swift in Sources */,
				178254A3948EF204FAA0F340 /* AppGuidesView.swift in Sources */,
				FAAB2CA97A122BD10945AF96 /* CalendarConflictView.swift in Sources */,
				D9948E444320DFC6DB3BFA8F /* CardScanner.swift in Sources */,
				618F7B62A6967C772A079077 /* EditProfileView.swift in Sources */,
				0EF927718025CAEEA9E85289 /* FAQSectionView.swift in Sources */,
				D405239855021ED2F1016399 /* FavoriteEventCategoriesView.swift in Sources */,
				22737E999715F678524085D5 /* FeatureExplanationsView.swift in Sources */,
				734BF84BF6EE5F0F20D7F5D0 /* HelpCenterView.swift in Sources */,
				8B7F7065F39E84DF39DBA030 /* NationalIDVerificationView.swift in Sources */,
				55762B538733F4DFDB3B2B03 /* NotificationSettingsView.swift in Sources */,
				78413EF98A5A5BFB8CF60665 /* NotificationSettingsViewModel.swift in Sources */,
				C671424F80471AE02AA36E6B /* NotificationsView.swift in Sources */,
				E0A8EA62C3F0B32E4A512082 /* PaymentMethodsView.swift in Sources */,
				E25116E57BD93439A7ECCC68 /* PrivacyPolicyView.swift in Sources */,
				256FAE4970F0F6EF1ABA7813 /* ProfileView.swift in Sources */,
				012B1276ACEB36D5C1804E62 /* SecurityInfoView.swift in Sources */,
				0756BE81456F19D27FC9B3C9 /* SubmitTicketView.swift in Sources */,
				5634F39642E2411C13FAD957 /* SupportCenterView.swift in Sources */,
				24B5A3FBFBD6FCC371408886 /* TermsAndPrivacyView.swift in Sources */,
				FEF8A3B15306249ACEEEB8E2 /* TermsOfUseView.swift in Sources */,
				44A30EC8917F95E4CD36477D /* TroubleshootingView.swift in Sources */,
				4D8E4C36862E35C96ABD6DDF /* BecomeOrganizerFlow.swift in Sources */,
				A8283F133F5156C4238D675A /* CreateEventWizard.swift in Sources */,
				4F4F03BC7BB9A2BD3E235074 /* EventAnalyticsView.swift in Sources */,
				CAB2AE8BF9D3E0C918CA537C /* EventAnalyticsViewModel.swift in Sources */,
				CE3BA1F0A87CA825264EBA10 /* OrganizerContactInfoStep.swift in Sources */,
				797AAF314F2A359C952A779A /* OrganizerDashboardView.swift in Sources */,
				54DF2FE9B10F817048654A13 /* OrganizerHomeView.swift in Sources */,
				5D62CD25A27AFC7983A71B63 /* OrganizerIdentityVerificationStep.swift in Sources */,
				6F41EAE0E9CCA7B729D7C768 /* OrganizerNotificationCenterView.swift in Sources */,
				CAFB9EE15369CCC31CDCEF17 /* OrganizerPayoutSetupStep.swift in Sources */,
				74DB7466515D00F7F030C16A /* OrganizerProfileCompletionStep.swift in Sources */,
				D10A0B680C305715B4D03786 /* OrganizerTermsAgreementStep.swift in Sources */,
				0C108CB42C7CABB7AD3C0841 /* QRScannerView.swift in Sources */,
				54A92781E1BD8C731C0E4E8E /* AnimatedLikeButton.swift in Sources */,
				028A61183D1C2A544773EF31 /* CategoryTile.swift in Sources */,
				8F7058AB434DDE7732A4F6EB /* DashboardComponents.swift in Sources */,
				2436C0F09D445F70FDCD2243 /* EventCard.swift in Sources */,
				6441503AA41A1A47F9CD1B4B /* HeaderBar.swift in Sources */,
				0DFC45AEC8724C292CE36C22 /* LoadingView.swift in Sources */,
				8CD394B7E1F94C7799E64398 /* NotificationBadge.swift in Sources */,
				1D305A45CBB4317C3C95247C /* PosterView.swift in Sources */,
				8D4B98819A819AB889E30C68 /* ProfileHeaderView.swift in Sources */,
				B065402867C2535D8BDD8246 /* PulsingDot.swift in Sources */,
				E7E05A43CC5CBF0F68476433 /* QRCodeView.swift in Sources */,
				E594232756BE0EBAE0885943 /* SalesCountdownTimer.swift in Sources */,
				79FE41E3F3F7CB707E8234A9 /* UIComponents.swift in Sources */,
				3C2DEE461544F26067AB7C93 /* VerificationRequiredOverlay.swift in Sources */,
				D821E59B8F8EE839B3E295FD /* AppDesignSystem.swift in Sources */,
				B35BA38EB6C9B40AE4CC3676 /* AuthChoiceView.swift in Sources */,
				5C329D0C2065823E9EDBD24D /* GuestPlaceholders.swift in Sources */,
				3FA1320C7983194C302AC45E /* AuthPromptSheet.swift in Sources */,
				8129C1F3F44FAA26F937D451 /* ManageEventTicketsView.swift in Sources */,
				AA477A79CE5F40F62EFC9EBC /* IDCameraView.swift in Sources */,
				41F160ADDD750FF08376F10B /* OrganizerAnalytics.swift in Sources */,
				0D8954403AB3374B4DBCE35A /* AnalyticsCharts.swift in Sources */,
				0516D43D9E2D6B7B4DB835A3 /* AnalyticsDashboardComponents.swift in Sources */,
				59BC49C2F042A4ED7D06C813 /* OrganizerAnalyticsDashboardViewModel.swift in Sources */,
				88E731798E2C887F89B499D8 /* RevenueAnalyticsDetailView.swift in Sources */,
				785D8B551C662EE51C9C32B0 /* TicketAnalyticsDetailView.swift in Sources */,
				F26DB6AEC1F28EA1BB40F95D /* AudienceAnalyticsDetailView.swift in Sources */,
				E97AAC10705EE4AE05885BCE /* MarketingInsightsDetailView.swift in Sources */,
				967816A4A8C0750666616F42 /* OperationsDetailView.swift in Sources */,
				8BBB2C9F8D1E92B46E8E3976 /* PredictiveAnalysisDetailView.swift in Sources */,
			);
			runOnlyForDeploymentPostprocessing = 0;
		};
/* End PBXSourcesBuildPhase section */

/* Begin XCBuildConfiguration section */
		27147C209055D528230ABC49 /* Release */ = {
			isa = XCBuildConfiguration;
			buildSettings = {
				ASSETCATALOG_COMPILER_APPICON_NAME = AppIcon;
				CODE_SIGN_STYLE = Automatic;
				CURRENT_PROJECT_VERSION = 1;
				DEVELOPMENT_TEAM = Z6Y36CWYBC;
				GENERATE_INFOPLIST_FILE = NO;
				INFOPLIST_FILE = EventPassUG/Info.plist;
				INFOPLIST_KEY_LSApplicationCategoryType = "public.app-category.entertainment";
				IPHONEOS_DEPLOYMENT_TARGET = 16;
				LD_RUNPATH_SEARCH_PATHS = (
					"$(inherited)",
					"@executable_path/Frameworks",
				);
				MARKETING_VERSION = 1.0;
				PRODUCT_BUNDLE_IDENTIFIER = com.eventpass.ug;
				PRODUCT_NAME = "$(TARGET_NAME)";
				SWIFT_EMIT_LOC_STRINGS = YES;
				SWIFT_VERSION = 5.0;
				TARGETED_DEVICE_FAMILY = "1,2";
			};
			name = Release;
		};
		62C553F4403A7BDD7BB252F1 /* Release */ = {
			isa = XCBuildConfiguration;
			buildSettings = {
				ALWAYS_SEARCH_USER_PATHS = NO;
				CLANG_ANALYZER_NONNULL = YES;
				CLANG_CXX_LANGUAGE_STANDARD = "gnu++20";
				CLANG_ENABLE_MODULES = YES;
				CLANG_ENABLE_OBJC_ARC = YES;
				CLANG_WARN_BLOCK_CAPTURE_AUTORELEASING = YES;
				CLANG_WARN_BOOL_CONVERSION = YES;
				CLANG_WARN_COMMA = YES;
				CLANG_WARN_CONSTANT_CONVERSION = YES;
				CLANG_WARN_DEPRECATED_OBJC_IMPLEMENTATIONS = YES;
				CLANG_WARN_EMPTY_BODY = YES;
				CLANG_WARN_ENUM_CONVERSION = YES;
				CLANG_WARN_INFINITE_RECURSION = YES;
				CLANG_WARN_INT_CONVERSION = YES;
				CLANG_WARN_NON_LITERAL_NULL_CONVERSION = YES;
				CLANG_WARN_OBJC_IMPLICIT_RETAIN_SELF = YES;
				CLANG_WARN_OBJC_LITERAL_CONVERSION = YES;
				CLANG_WARN_QUOTED_INCLUDE_IN_FRAMEWORK_HEADER = YES;
				CLANG_WARN_RANGE_LOOP_ANALYSIS = YES;
				CLANG_WARN_STRICT_PROTOTYPES = YES;
				CLANG_WARN_SUSPICIOUS_MOVE = YES;
				CLANG_WARN_UNREACHABLE_CODE = YES;
				CLANG_WARN__DUPLICATE_METHOD_MATCH = YES;
				COPY_PHASE_STRIP = NO;
				DEVELOPMENT_TEAM = Z6Y36CWYBC;
				ENABLE_NS_ASSERTIONS = NO;
				ENABLE_STRICT_OBJC_MSGSEND = YES;
				ENABLE_USER_SCRIPT_SANDBOXING = YES;
				GCC_C_LANGUAGE_STANDARD = gnu11;
				GCC_NO_COMMON_BLOCKS = YES;
				GCC_WARN_64_TO_32_BIT_CONVERSION = YES;
				GCC_WARN_ABOUT_RETURN_TYPE = YES;
				GCC_WARN_UNDECLARED_SELECTOR = YES;
				GCC_WARN_UNINITIALIZED_AUTOS = YES;
				GCC_WARN_UNUSED_FUNCTION = YES;
				GCC_WARN_UNUSED_VARIABLE = YES;
				IPHONEOS_DEPLOYMENT_TARGET = 16.0;
				SDKROOT = iphoneos;
				STRING_CATALOG_GENERATE_SYMBOLS = YES;
				SUPPORTED_PLATFORMS = "iphoneos iphonesimulator";
				SWIFT_COMPILATION_MODE = wholemodule;
				SWIFT_OPTIMIZATION_LEVEL = "-O";
				SWIFT_VERSION = 5.0;
			};
			name = Release;
		};
		724E9363F9638D1C40CD4864 /* Debug */ = {
			isa = XCBuildConfiguration;
			buildSettings = {
				ALWAYS_SEARCH_USER_PATHS = NO;
				CLANG_ANALYZER_NONNULL = YES;
				CLANG_CXX_LANGUAGE_STANDARD = "gnu++20";
				CLANG_ENABLE_MODULES = YES;
				CLANG_ENABLE_OBJC_ARC = YES;
				CLANG_WARN_BLOCK_CAPTURE_AUTORELEASING = YES;
				CLANG_WARN_BOOL_CONVERSION = YES;
				CLANG_WARN_COMMA = YES;
				CLANG_WARN_CONSTANT_CONVERSION = YES;
				CLANG_WARN_DEPRECATED_OBJC_IMPLEMENTATIONS = YES;
				CLANG_WARN_EMPTY_BODY = YES;
				CLANG_WARN_ENUM_CONVERSION = YES;
				CLANG_WARN_INFINITE_RECURSION = YES;
				CLANG_WARN_INT_CONVERSION = YES;
				CLANG_WARN_NON_LITERAL_NULL_CONVERSION = YES;
				CLANG_WARN_OBJC_IMPLICIT_RETAIN_SELF = YES;
				CLANG_WARN_OBJC_LITERAL_CONVERSION = YES;
				CLANG_WARN_QUOTED_INCLUDE_IN_FRAMEWORK_HEADER = YES;
				CLANG_WARN_RANGE_LOOP_ANALYSIS = YES;
				CLANG_WARN_STRICT_PROTOTYPES = YES;
				CLANG_WARN_SUSPICIOUS_MOVE = YES;
				CLANG_WARN_UNREACHABLE_CODE = YES;
				CLANG_WARN__DUPLICATE_METHOD_MATCH = YES;
				COPY_PHASE_STRIP = NO;
				DEVELOPMENT_TEAM = Z6Y36CWYBC;
				ENABLE_STRICT_OBJC_MSGSEND = YES;
				ENABLE_TESTABILITY = YES;
				ENABLE_USER_SCRIPT_SANDBOXING = YES;
				GCC_C_LANGUAGE_STANDARD = gnu11;
				GCC_DYNAMIC_NO_PIC = NO;
				GCC_NO_COMMON_BLOCKS = YES;
				GCC_OPTIMIZATION_LEVEL = 0;
				GCC_PREPROCESSOR_DEFINITIONS = (
					"DEBUG=1",
					"$(inherited)",
				);
				GCC_WARN_64_TO_32_BIT_CONVERSION = YES;
				GCC_WARN_ABOUT_RETURN_TYPE = YES;
				GCC_WARN_UNDECLARED_SELECTOR = YES;
				GCC_WARN_UNINITIALIZED_AUTOS = YES;
				GCC_WARN_UNUSED_FUNCTION = YES;
				GCC_WARN_UNUSED_VARIABLE = YES;
				IPHONEOS_DEPLOYMENT_TARGET = 16.0;
				ONLY_ACTIVE_ARCH = YES;
				SDKROOT = iphoneos;
				STRING_CATALOG_GENERATE_SYMBOLS = YES;
				SUPPORTED_PLATFORMS = "iphoneos iphonesimulator";
				SWIFT_ACTIVE_COMPILATION_CONDITIONS = DEBUG;
				SWIFT_OPTIMIZATION_LEVEL = "-Onone";
				SWIFT_VERSION = 5.0;
			};
			name = Debug;
		};
		9F263BA7E99EC3FC11FA1223 /* Debug */ = {
			isa = XCBuildConfiguration;
			buildSettings = {
				ASSETCATALOG_COMPILER_APPICON_NAME = AppIcon;
				CODE_SIGN_STYLE = Automatic;
				CURRENT_PROJECT_VERSION = 1;
				DEVELOPMENT_TEAM = Z6Y36CWYBC;
				GENERATE_INFOPLIST_FILE = NO;
				INFOPLIST_FILE = EventPassUG/Info.plist;
				INFOPLIST_KEY_LSApplicationCategoryType = "public.app-category.entertainment";
				IPHONEOS_DEPLOYMENT_TARGET = 16;
				LD_RUNPATH_SEARCH_PATHS = (
					"$(inherited)",
					"@executable_path/Frameworks",
				);
				MARKETING_VERSION = 1.0;
				PRODUCT_BUNDLE_IDENTIFIER = com.eventpass.ug;
				PRODUCT_NAME = "$(TARGET_NAME)";
				SWIFT_EMIT_LOC_STRINGS = YES;
				SWIFT_VERSION = 5.0;
				TARGETED_DEVICE_FAMILY = "1,2";
			};
			name = Debug;
		};
/* End XCBuildConfiguration section */

/* Begin XCConfigurationList section */
		7E08856E0CC0D76315C167C3 /* Build configuration list for PBXProject "EventPassUG" */ = {
			isa = XCConfigurationList;
			buildConfigurations = (
				724E9363F9638D1C40CD4864 /* Debug */,
				62C553F4403A7BDD7BB252F1 /* Release */,
			);
			defaultConfigurationIsVisible = 0;
			defaultConfigurationName = Release;
		};
		E14275F31EE7750F5C048541 /* Build configuration list for PBXNativeTarget "EventPassUG" */ = {
			isa = XCConfigurationList;
			buildConfigurations = (
				9F263BA7E99EC3FC11FA1223 /* Debug */,
				27147C209055D528230ABC49 /* Release */,
			);
			defaultConfigurationIsVisible = 0;
			defaultConfigurationName = Release;
		};
/* End XCConfigurationList section */

/* Begin XCVersionGroup section */
		4750C0982EFDDF840012429D /* EventPassUG.xcdatamodeld */ = {
			isa = XCVersionGroup;
			children = (
				4750C1262EFDDF840012429D /* EventPassUG.xcdatamodel */,
			);
			currentVersion = 4750C1262EFDDF840012429D /* EventPassUG.xcdatamodel */;
			path = EventPassUG.xcdatamodeld;
			sourceTree = "<group>";
			versionGroupType = wrapper.xcdatamodel;
		};
/* End XCVersionGroup section */
	};
	rootObject = 2152215DAD3233DF3D4586FA /* Project object */;
}
